// !$*UTF8*$!
{
	archiveVersion = 1;
	classes = {
	};
	objectVersion = 56;
	objects = {

/* Begin PBXBuildFile section */
		2BE9D6C12A1E90E400A09A98 /* NewRelic.framework in Frameworks */ = {isa = PBXBuildFile; fileRef = F8302B6229705766003EC291 /* NewRelic.framework */; };
		2BE9D6C22A1E90E400A09A98 /* NewRelic.framework in Embed Frameworks */ = {isa = PBXBuildFile; fileRef = F8302B6229705766003EC291 /* NewRelic.framework */; settings = {ATTRIBUTES = (RemoveHeadersOnCopy, ); }; };
		2BE9D6C42A1E913700A09A98 /* NewRelic.framework in Frameworks */ = {isa = PBXBuildFile; fileRef = F8302B6229705766003EC291 /* NewRelic.framework */; };
		F824A30229A811E8000886A6 /* Assets.xcassets in Resources */ = {isa = PBXBuildFile; fileRef = F824A30129A811E8000886A6 /* Assets.xcassets */; };
		F824A43929AEADC2000886A6 /* ImageDetailPDFView.swift in Sources */ = {isa = PBXBuildFile; fileRef = F824A43329AEADC2000886A6 /* ImageDetailPDFView.swift */; };
		F824A43C29AEAE2D000886A6 /* ImageFullScreen.swift in Sources */ = {isa = PBXBuildFile; fileRef = F824A43B29AEAE2D000886A6 /* ImageFullScreen.swift */; };
		F824A54D29BBB23D000886A6 /* NRAPI-Info.plist in Resources */ = {isa = PBXBuildFile; fileRef = F824A54C29BBB23D000886A6 /* NRAPI-Info.plist */; };
		F824A54E29BBB23D000886A6 /* NRAPI-Info.plist in Resources */ = {isa = PBXBuildFile; fileRef = F824A54C29BBB23D000886A6 /* NRAPI-Info.plist */; };
		F825FB0929CA509100E1C1DC /* NRTestAppFakeNavigationAction.swift in Sources */ = {isa = PBXBuildFile; fileRef = F825FB0329CA509100E1C1DC /* NRTestAppFakeNavigationAction.swift */; };
		F8302AF9296F5EFA003EC291 /* AppDelegate.swift in Sources */ = {isa = PBXBuildFile; fileRef = F8302AF8296F5EFA003EC291 /* AppDelegate.swift */; };
		F8302AFB296F5EFA003EC291 /* SceneDelegate.swift in Sources */ = {isa = PBXBuildFile; fileRef = F8302AFA296F5EFA003EC291 /* SceneDelegate.swift */; };
		F8302AFD296F5EFA003EC291 /* ViewController.swift in Sources */ = {isa = PBXBuildFile; fileRef = F8302AFC296F5EFA003EC291 /* ViewController.swift */; };
		F8302B02296F5EFB003EC291 /* Assets.xcassets in Resources */ = {isa = PBXBuildFile; fileRef = F8302B01296F5EFB003EC291 /* Assets.xcassets */; };
		F8302B05296F5EFB003EC291 /* LaunchScreen.storyboard in Resources */ = {isa = PBXBuildFile; fileRef = F8302B03296F5EFB003EC291 /* LaunchScreen.storyboard */; };
		F8302B10296F5EFB003EC291 /* NRTestAppTests.swift in Sources */ = {isa = PBXBuildFile; fileRef = F8302B0F296F5EFB003EC291 /* NRTestAppTests.swift */; };
		F8302B8629707695003EC291 /* ViewControllerProvider.swift in Sources */ = {isa = PBXBuildFile; fileRef = F8302B8529707695003EC291 /* ViewControllerProvider.swift */; };
		F8302B89297076E9003EC291 /* Coordinator.swift in Sources */ = {isa = PBXBuildFile; fileRef = F8302B88297076E9003EC291 /* Coordinator.swift */; };
		F8302B8B297076F9003EC291 /* MainCoordinator.swift in Sources */ = {isa = PBXBuildFile; fileRef = F8302B8A297076F9003EC291 /* MainCoordinator.swift */; };
		F8302B8E297078EA003EC291 /* ApodViewModel.swift in Sources */ = {isa = PBXBuildFile; fileRef = F8302B8D297078EA003EC291 /* ApodViewModel.swift */; };
		F8302B9129707BCC003EC291 /* ApodService.swift in Sources */ = {isa = PBXBuildFile; fileRef = F8302B9029707BCC003EC291 /* ApodService.swift */; };
		F8302B9429708027003EC291 /* ApodResult.swift in Sources */ = {isa = PBXBuildFile; fileRef = F8302B9329708027003EC291 /* ApodResult.swift */; };
		F8302B96297093FF003EC291 /* Variable.swift in Sources */ = {isa = PBXBuildFile; fileRef = F8302B95297093FF003EC291 /* Variable.swift */; };
		F8302B992970ADC1003EC291 /* UIImageView.swift in Sources */ = {isa = PBXBuildFile; fileRef = F8302B982970ADC1003EC291 /* UIImageView.swift */; };
		F8302B9B2970B29D003EC291 /* Date.swift in Sources */ = {isa = PBXBuildFile; fileRef = F8302B9A2970B29D003EC291 /* Date.swift */; };
		F8302B9D2970B3E0003EC291 /* ApodURL.swift in Sources */ = {isa = PBXBuildFile; fileRef = F8302B9C2970B3E0003EC291 /* ApodURL.swift */; };
		F83D61A32A69B82C00965855 /* WebSocketViewController.swift in Sources */ = {isa = PBXBuildFile; fileRef = F83D61A22A69B82C00965855 /* WebSocketViewController.swift */; };
		F83D61A42A69B82C00965855 /* WebSocketViewController.swift in Sources */ = {isa = PBXBuildFile; fileRef = F83D61A22A69B82C00965855 /* WebSocketViewController.swift */; };
		F851E69F2A608F3900BCDD62 /* ScriptWebView.swift in Sources */ = {isa = PBXBuildFile; fileRef = F851E69E2A608F3900BCDD62 /* ScriptWebView.swift */; };
		F851E6A62A608F8500BCDD62 /* index.html in Resources */ = {isa = PBXBuildFile; fileRef = F851E6A52A608F8500BCDD62 /* index.html */; };
		F848CDE42AA270E80082052F /* NRTestApp_tvOS_Tests.swift in Sources */ = {isa = PBXBuildFile; fileRef = F848CDE32AA270E80082052F /* NRTestApp_tvOS_Tests.swift */; };
		F848CDE62AA270E80082052F /* NRTestApp_tvOS_TestsLaunchTests.swift in Sources */ = {isa = PBXBuildFile; fileRef = F848CDE52AA270E80082052F /* NRTestApp_tvOS_TestsLaunchTests.swift */; };
		F86428412971BD5B002ABA01 /* UtilitiesViewController.swift in Sources */ = {isa = PBXBuildFile; fileRef = F86428402971BD5B002ABA01 /* UtilitiesViewController.swift */; };
		F86428482971C661002ABA01 /* UtilViewModel.swift in Sources */ = {isa = PBXBuildFile; fileRef = F86428472971C661002ABA01 /* UtilViewModel.swift */; };
		F864284C2971DFA5002ABA01 /* triggerException.m in Sources */ = {isa = PBXBuildFile; fileRef = F864284B2971DFA5002ABA01 /* triggerException.m */; };
		F864284F2971E254002ABA01 /* WebViewController.swift in Sources */ = {isa = PBXBuildFile; fileRef = F864284E2971E254002ABA01 /* WebViewController.swift */; };
		F864286329775023002ABA01 /* plistHelper.swift in Sources */ = {isa = PBXBuildFile; fileRef = F864286229775023002ABA01 /* plistHelper.swift */; };
		F86428F72979CDB0002ABA01 /* LaunchScreen.storyboard in Resources */ = {isa = PBXBuildFile; fileRef = F86428F52979CDB0002ABA01 /* LaunchScreen.storyboard */; };
		F86429302979CDFA002ABA01 /* UIImageView.swift in Sources */ = {isa = PBXBuildFile; fileRef = F8302B982970ADC1003EC291 /* UIImageView.swift */; };
		F86429312979CDFA002ABA01 /* Date.swift in Sources */ = {isa = PBXBuildFile; fileRef = F8302B9A2970B29D003EC291 /* Date.swift */; };
		F86429322979CDFA002ABA01 /* Variable.swift in Sources */ = {isa = PBXBuildFile; fileRef = F8302B95297093FF003EC291 /* Variable.swift */; };
		F86429332979CDFA002ABA01 /* ApodURL.swift in Sources */ = {isa = PBXBuildFile; fileRef = F8302B9C2970B3E0003EC291 /* ApodURL.swift */; };
		F86429342979CDFA002ABA01 /* plistHelper.swift in Sources */ = {isa = PBXBuildFile; fileRef = F864286229775023002ABA01 /* plistHelper.swift */; };
		F86429352979CDFA002ABA01 /* triggerException.m in Sources */ = {isa = PBXBuildFile; fileRef = F864284B2971DFA5002ABA01 /* triggerException.m */; };
		F86429382979CDFA002ABA01 /* AppDelegate.swift in Sources */ = {isa = PBXBuildFile; fileRef = F8302AF8296F5EFA003EC291 /* AppDelegate.swift */; };
		F86429392979CDFA002ABA01 /* SceneDelegate.swift in Sources */ = {isa = PBXBuildFile; fileRef = F8302AFA296F5EFA003EC291 /* SceneDelegate.swift */; };
		F864293A2979CDFA002ABA01 /* ViewControllerProvider.swift in Sources */ = {isa = PBXBuildFile; fileRef = F8302B8529707695003EC291 /* ViewControllerProvider.swift */; };
		F864293B2979CDFA002ABA01 /* Coordinator.swift in Sources */ = {isa = PBXBuildFile; fileRef = F8302B88297076E9003EC291 /* Coordinator.swift */; };
		F864293C2979CDFA002ABA01 /* MainCoordinator.swift in Sources */ = {isa = PBXBuildFile; fileRef = F8302B8A297076F9003EC291 /* MainCoordinator.swift */; };
		F864293D2979CDFA002ABA01 /* ViewController.swift in Sources */ = {isa = PBXBuildFile; fileRef = F8302AFC296F5EFA003EC291 /* ViewController.swift */; };
		F864293E2979CDFA002ABA01 /* UtilitiesViewController.swift in Sources */ = {isa = PBXBuildFile; fileRef = F86428402971BD5B002ABA01 /* UtilitiesViewController.swift */; };
		F864293F2979CDFA002ABA01 /* WebViewController.swift in Sources */ = {isa = PBXBuildFile; fileRef = F864284E2971E254002ABA01 /* WebViewController.swift */; };
		F86429402979CDFA002ABA01 /* ApodViewModel.swift in Sources */ = {isa = PBXBuildFile; fileRef = F8302B8D297078EA003EC291 /* ApodViewModel.swift */; };
		F86429412979CDFA002ABA01 /* UtilViewModel.swift in Sources */ = {isa = PBXBuildFile; fileRef = F86428472971C661002ABA01 /* UtilViewModel.swift */; };
		F86429422979CDFA002ABA01 /* ApodService.swift in Sources */ = {isa = PBXBuildFile; fileRef = F8302B9029707BCC003EC291 /* ApodService.swift */; };
		F86429432979CDFA002ABA01 /* ApodResult.swift in Sources */ = {isa = PBXBuildFile; fileRef = F8302B9329708027003EC291 /* ApodResult.swift */; };
		F86429442979CE31002ABA01 /* NewRelic.framework in Frameworks */ = {isa = PBXBuildFile; fileRef = F8302B6429705766003EC291 /* NewRelic.framework */; };
		F86429452979CE31002ABA01 /* NewRelic.framework in Embed Frameworks */ = {isa = PBXBuildFile; fileRef = F8302B6429705766003EC291 /* NewRelic.framework */; settings = {ATTRIBUTES = (CodeSignOnCopy, RemoveHeadersOnCopy, ); }; };
		F8C8812929845B8C001C15B9 /* NRTestAppNavigationTests.swift in Sources */ = {isa = PBXBuildFile; fileRef = F8C8812829845B8C001C15B9 /* NRTestAppNavigationTests.swift */; };
/* End PBXBuildFile section */

/* Begin PBXContainerItemProxy section */
		F8302B0C296F5EFB003EC291 /* PBXContainerItemProxy */ = {
			isa = PBXContainerItemProxy;
			containerPortal = F8302AED296F5EFA003EC291 /* Project object */;
			proxyType = 1;
			remoteGlobalIDString = F8302AF4296F5EFA003EC291;
			remoteInfo = NRTestApp;
		};
		F8302B6129705766003EC291 /* PBXContainerItemProxy */ = {
			isa = PBXContainerItemProxy;
			containerPortal = F8302B5229705766003EC291 /* Agent.xcodeproj */;
			proxyType = 2;
			remoteGlobalIDString = 021A15BA24C9EEE700E8DFD5;
			remoteInfo = Agent_iOS;
		};
		F8302B6329705766003EC291 /* PBXContainerItemProxy */ = {
			isa = PBXContainerItemProxy;
			containerPortal = F8302B5229705766003EC291 /* Agent.xcodeproj */;
			proxyType = 2;
			remoteGlobalIDString = 02FF4CAC24E3201400115469;
			remoteInfo = Agent_tvos;
		};
		F8302B6529705766003EC291 /* PBXContainerItemProxy */ = {
			isa = PBXContainerItemProxy;
			containerPortal = F8302B5229705766003EC291 /* Agent.xcodeproj */;
			proxyType = 2;
			remoteGlobalIDString = 0209ABB824E7054800E45C90;
			remoteInfo = Agent_Tests;
		};
		F8302B6729705766003EC291 /* PBXContainerItemProxy */ = {
			isa = PBXContainerItemProxy;
			containerPortal = F8302B5229705766003EC291 /* Agent.xcodeproj */;
			proxyType = 2;
			remoteGlobalIDString = 0256586024EB19BF00FE3125;
			remoteInfo = Agent_tvos_Tests;
		};
		F8302B6929705766003EC291 /* PBXContainerItemProxy */ = {
			isa = PBXContainerItemProxy;
			containerPortal = F8302B5229705766003EC291 /* Agent.xcodeproj */;
			proxyType = 2;
			remoteGlobalIDString = 025658A824EB2AAC00FE3125;
			remoteInfo = "Stress Tests";
		};
		F848CDE72AA270E80082052F /* PBXContainerItemProxy */ = {
			isa = PBXContainerItemProxy;
			containerPortal = F8302AED296F5EFA003EC291 /* Project object */;
			proxyType = 1;
			remoteGlobalIDString = F86428E92979CDAF002ABA01;
			remoteInfo = "NRTestApp (tvOS)";
		};
/* End PBXContainerItemProxy section */

/* Begin PBXCopyFilesBuildPhase section */
		2BE9D6C32A1E90E400A09A98 /* Embed Frameworks */ = {
			isa = PBXCopyFilesBuildPhase;
			buildActionMask = 2147483647;
			dstPath = "";
			dstSubfolderSpec = 10;
			files = (
				2BE9D6C22A1E90E400A09A98 /* NewRelic.framework in Embed Frameworks */,
			);
			name = "Embed Frameworks";
			runOnlyForDeploymentPostprocessing = 0;
		};
		F86429462979CE31002ABA01 /* Embed Frameworks */ = {
			isa = PBXCopyFilesBuildPhase;
			buildActionMask = 2147483647;
			dstPath = "";
			dstSubfolderSpec = 10;
			files = (
				F86429452979CE31002ABA01 /* NewRelic.framework in Embed Frameworks */,
			);
			name = "Embed Frameworks";
			runOnlyForDeploymentPostprocessing = 0;
		};
/* End PBXCopyFilesBuildPhase section */

/* Begin PBXFileReference section */
		2B808EBE29FC4EA500E04658 /* NRTestApp.entitlements */ = {isa = PBXFileReference; lastKnownFileType = text.plist.entitlements; path = NRTestApp.entitlements; sourceTree = "<group>"; };
		F824A30129A811E8000886A6 /* Assets.xcassets */ = {isa = PBXFileReference; lastKnownFileType = folder.assetcatalog; path = Assets.xcassets; sourceTree = "<group>"; };
		F824A43329AEADC2000886A6 /* ImageDetailPDFView.swift */ = {isa = PBXFileReference; fileEncoding = 4; lastKnownFileType = sourcecode.swift; path = ImageDetailPDFView.swift; sourceTree = "<group>"; };
		F824A43B29AEAE2D000886A6 /* ImageFullScreen.swift */ = {isa = PBXFileReference; fileEncoding = 4; lastKnownFileType = sourcecode.swift; path = ImageFullScreen.swift; sourceTree = "<group>"; };
		F824A54C29BBB23D000886A6 /* NRAPI-Info.plist */ = {isa = PBXFileReference; lastKnownFileType = text.plist; path = "NRAPI-Info.plist"; sourceTree = SOURCE_ROOT; };
		F825FB0329CA509100E1C1DC /* NRTestAppFakeNavigationAction.swift */ = {isa = PBXFileReference; fileEncoding = 4; lastKnownFileType = sourcecode.swift; path = NRTestAppFakeNavigationAction.swift; sourceTree = "<group>"; };
		F8302AF5296F5EFA003EC291 /* NRTestApp.app */ = {isa = PBXFileReference; explicitFileType = wrapper.application; includeInIndex = 0; path = NRTestApp.app; sourceTree = BUILT_PRODUCTS_DIR; };
		F8302AF8296F5EFA003EC291 /* AppDelegate.swift */ = {isa = PBXFileReference; lastKnownFileType = sourcecode.swift; path = AppDelegate.swift; sourceTree = "<group>"; };
		F8302AFA296F5EFA003EC291 /* SceneDelegate.swift */ = {isa = PBXFileReference; lastKnownFileType = sourcecode.swift; path = SceneDelegate.swift; sourceTree = "<group>"; };
		F8302AFC296F5EFA003EC291 /* ViewController.swift */ = {isa = PBXFileReference; lastKnownFileType = sourcecode.swift; path = ViewController.swift; sourceTree = "<group>"; };
		F8302B01296F5EFB003EC291 /* Assets.xcassets */ = {isa = PBXFileReference; lastKnownFileType = folder.assetcatalog; path = Assets.xcassets; sourceTree = "<group>"; };
		F8302B04296F5EFB003EC291 /* Base */ = {isa = PBXFileReference; lastKnownFileType = file.storyboard; name = Base; path = Base.lproj/LaunchScreen.storyboard; sourceTree = "<group>"; };
		F8302B06296F5EFB003EC291 /* Info.plist */ = {isa = PBXFileReference; lastKnownFileType = text.plist.xml; path = Info.plist; sourceTree = "<group>"; };
		F8302B0B296F5EFB003EC291 /* NRTestAppTests.xctest */ = {isa = PBXFileReference; explicitFileType = wrapper.cfbundle; includeInIndex = 0; path = NRTestAppTests.xctest; sourceTree = BUILT_PRODUCTS_DIR; };
		F8302B0F296F5EFB003EC291 /* NRTestAppTests.swift */ = {isa = PBXFileReference; lastKnownFileType = sourcecode.swift; path = NRTestAppTests.swift; sourceTree = "<group>"; };
		F8302B5229705766003EC291 /* Agent.xcodeproj */ = {isa = PBXFileReference; lastKnownFileType = "wrapper.pb-project"; name = Agent.xcodeproj; path = ../../Agent.xcodeproj; sourceTree = "<group>"; };
		F8302B8529707695003EC291 /* ViewControllerProvider.swift */ = {isa = PBXFileReference; lastKnownFileType = sourcecode.swift; path = ViewControllerProvider.swift; sourceTree = "<group>"; };
		F8302B88297076E9003EC291 /* Coordinator.swift */ = {isa = PBXFileReference; lastKnownFileType = sourcecode.swift; path = Coordinator.swift; sourceTree = "<group>"; };
		F8302B8A297076F9003EC291 /* MainCoordinator.swift */ = {isa = PBXFileReference; lastKnownFileType = sourcecode.swift; path = MainCoordinator.swift; sourceTree = "<group>"; };
		F8302B8D297078EA003EC291 /* ApodViewModel.swift */ = {isa = PBXFileReference; lastKnownFileType = sourcecode.swift; path = ApodViewModel.swift; sourceTree = "<group>"; };
		F8302B9029707BCC003EC291 /* ApodService.swift */ = {isa = PBXFileReference; lastKnownFileType = sourcecode.swift; path = ApodService.swift; sourceTree = "<group>"; };
		F8302B9329708027003EC291 /* ApodResult.swift */ = {isa = PBXFileReference; lastKnownFileType = sourcecode.swift; path = ApodResult.swift; sourceTree = "<group>"; };
		F8302B95297093FF003EC291 /* Variable.swift */ = {isa = PBXFileReference; lastKnownFileType = sourcecode.swift; path = Variable.swift; sourceTree = "<group>"; };
		F8302B982970ADC1003EC291 /* UIImageView.swift */ = {isa = PBXFileReference; lastKnownFileType = sourcecode.swift; path = UIImageView.swift; sourceTree = "<group>"; };
		F8302B9A2970B29D003EC291 /* Date.swift */ = {isa = PBXFileReference; lastKnownFileType = sourcecode.swift; path = Date.swift; sourceTree = "<group>"; };
		F8302B9C2970B3E0003EC291 /* ApodURL.swift */ = {isa = PBXFileReference; lastKnownFileType = sourcecode.swift; path = ApodURL.swift; sourceTree = "<group>"; };
		F83D61A22A69B82C00965855 /* WebSocketViewController.swift */ = {isa = PBXFileReference; lastKnownFileType = sourcecode.swift; path = WebSocketViewController.swift; sourceTree = "<group>"; };
		F851E69E2A608F3900BCDD62 /* ScriptWebView.swift */ = {isa = PBXFileReference; lastKnownFileType = sourcecode.swift; path = ScriptWebView.swift; sourceTree = "<group>"; };
		F851E6A52A608F8500BCDD62 /* index.html */ = {isa = PBXFileReference; lastKnownFileType = text.html; path = index.html; sourceTree = "<group>"; };
		F848CDE12AA270E80082052F /* NRTestApp(tvOS)Tests.xctest */ = {isa = PBXFileReference; explicitFileType = wrapper.cfbundle; includeInIndex = 0; path = "NRTestApp(tvOS)Tests.xctest"; sourceTree = BUILT_PRODUCTS_DIR; };
		F848CDE32AA270E80082052F /* NRTestApp_tvOS_Tests.swift */ = {isa = PBXFileReference; lastKnownFileType = sourcecode.swift; path = NRTestApp_tvOS_Tests.swift; sourceTree = "<group>"; };
		F848CDE52AA270E80082052F /* NRTestApp_tvOS_TestsLaunchTests.swift */ = {isa = PBXFileReference; lastKnownFileType = sourcecode.swift; path = NRTestApp_tvOS_TestsLaunchTests.swift; sourceTree = "<group>"; };
		F86428402971BD5B002ABA01 /* UtilitiesViewController.swift */ = {isa = PBXFileReference; lastKnownFileType = sourcecode.swift; path = UtilitiesViewController.swift; sourceTree = "<group>"; };
		F86428472971C661002ABA01 /* UtilViewModel.swift */ = {isa = PBXFileReference; lastKnownFileType = sourcecode.swift; path = UtilViewModel.swift; sourceTree = "<group>"; };
		F864284A2971DFA4002ABA01 /* NRTestApp-Bridging-Header.h */ = {isa = PBXFileReference; lastKnownFileType = sourcecode.c.h; path = "NRTestApp-Bridging-Header.h"; sourceTree = "<group>"; };
		F864284B2971DFA5002ABA01 /* triggerException.m */ = {isa = PBXFileReference; lastKnownFileType = sourcecode.c.objc; path = triggerException.m; sourceTree = "<group>"; };
		F864284D2971DFC9002ABA01 /* triggerException.h */ = {isa = PBXFileReference; lastKnownFileType = sourcecode.c.h; path = triggerException.h; sourceTree = "<group>"; };
		F864284E2971E254002ABA01 /* WebViewController.swift */ = {isa = PBXFileReference; lastKnownFileType = sourcecode.swift; path = WebViewController.swift; sourceTree = "<group>"; };
		F864286229775023002ABA01 /* plistHelper.swift */ = {isa = PBXFileReference; lastKnownFileType = sourcecode.swift; path = plistHelper.swift; sourceTree = "<group>"; };
		F86428EA2979CDAF002ABA01 /* NRTestApp (tvOS).app */ = {isa = PBXFileReference; explicitFileType = wrapper.application; includeInIndex = 0; path = "NRTestApp (tvOS).app"; sourceTree = BUILT_PRODUCTS_DIR; };
		F86428F62979CDB0002ABA01 /* Base */ = {isa = PBXFileReference; lastKnownFileType = file.storyboard; name = Base; path = Base.lproj/LaunchScreen.storyboard; sourceTree = "<group>"; };
		F86429542979D347002ABA01 /* NRTestApp--tvOS--Info.plist */ = {isa = PBXFileReference; lastKnownFileType = text.plist.xml; name = "NRTestApp--tvOS--Info.plist"; path = "NRTestApp (tvOS)/NRTestApp--tvOS--Info.plist"; sourceTree = SOURCE_ROOT; };
		F8C8812829845B8C001C15B9 /* NRTestAppNavigationTests.swift */ = {isa = PBXFileReference; lastKnownFileType = sourcecode.swift; path = NRTestAppNavigationTests.swift; sourceTree = "<group>"; };
/* End PBXFileReference section */

/* Begin PBXFrameworksBuildPhase section */
		F8302AF2296F5EFA003EC291 /* Frameworks */ = {
			isa = PBXFrameworksBuildPhase;
			buildActionMask = 2147483647;
			files = (
				2BE9D6C12A1E90E400A09A98 /* NewRelic.framework in Frameworks */,
				2BE9D6C42A1E913700A09A98 /* NewRelic.framework in Frameworks */,
			);
			runOnlyForDeploymentPostprocessing = 0;
		};
		F8302B08296F5EFB003EC291 /* Frameworks */ = {
			isa = PBXFrameworksBuildPhase;
			buildActionMask = 2147483647;
			files = (
			);
			runOnlyForDeploymentPostprocessing = 0;
		};
		F848CDDE2AA270E80082052F /* Frameworks */ = {
			isa = PBXFrameworksBuildPhase;
			buildActionMask = 2147483647;
			files = (
			);
			runOnlyForDeploymentPostprocessing = 0;
		};
		F86428E72979CDAF002ABA01 /* Frameworks */ = {
			isa = PBXFrameworksBuildPhase;
			buildActionMask = 2147483647;
			files = (
				F86429442979CE31002ABA01 /* NewRelic.framework in Frameworks */,
			);
			runOnlyForDeploymentPostprocessing = 0;
		};
/* End PBXFrameworksBuildPhase section */

/* Begin PBXGroup section */
		F8302AEC296F5EFA003EC291 = {
			isa = PBXGroup;
			children = (
				F8302B5229705766003EC291 /* Agent.xcodeproj */,
				F8302AF7296F5EFA003EC291 /* NRTestApp */,
				F8302B0E296F5EFB003EC291 /* NRTestAppTests */,
				F86428EB2979CDAF002ABA01 /* NRTestApp (tvOS) */,
				F848CDE22AA270E80082052F /* NRTestApp(tvOS)Tests */,
				F8302AF6296F5EFA003EC291 /* Products */,
				F8302B8129705B28003EC291 /* Frameworks */,
			);
			sourceTree = "<group>";
		};
		F8302AF6296F5EFA003EC291 /* Products */ = {
			isa = PBXGroup;
			children = (
				F8302AF5296F5EFA003EC291 /* NRTestApp.app */,
				F8302B0B296F5EFB003EC291 /* NRTestAppTests.xctest */,
				F86428EA2979CDAF002ABA01 /* NRTestApp (tvOS).app */,
				F848CDE12AA270E80082052F /* NRTestApp(tvOS)Tests.xctest */,
			);
			name = Products;
			sourceTree = "<group>";
		};
		F8302AF7296F5EFA003EC291 /* NRTestApp */ = {
			isa = PBXGroup;
			children = (
				2B808EBE29FC4EA500E04658 /* NRTestApp.entitlements */,
				F86428492971DF80002ABA01 /* Helpers */,
				F8302AF8296F5EFA003EC291 /* AppDelegate.swift */,
				F8302B872970769E003EC291 /* Navigation */,
				F8302B8C29707828003EC291 /* ViewControllers */,
				F8302B8F297078F2003EC291 /* ViewModels */,
				F8302B01296F5EFB003EC291 /* Assets.xcassets */,
				F8302B03296F5EFB003EC291 /* LaunchScreen.storyboard */,
				F8302B06296F5EFB003EC291 /* Info.plist */,
				F824A54C29BBB23D000886A6 /* NRAPI-Info.plist */,
			);
			path = NRTestApp;
			sourceTree = "<group>";
		};
		F8302B0E296F5EFB003EC291 /* NRTestAppTests */ = {
			isa = PBXGroup;
			children = (
				F8302B0F296F5EFB003EC291 /* NRTestAppTests.swift */,
				F8C8812829845B8C001C15B9 /* NRTestAppNavigationTests.swift */,
				F825FB0329CA509100E1C1DC /* NRTestAppFakeNavigationAction.swift */,
			);
			path = NRTestAppTests;
			sourceTree = "<group>";
		};
		F8302B5329705766003EC291 /* Products */ = {
			isa = PBXGroup;
			children = (
				F8302B6229705766003EC291 /* NewRelic.framework */,
				F8302B6429705766003EC291 /* NewRelic.framework */,
				F8302B6629705766003EC291 /* Agent_Tests.xctest */,
				F8302B6829705766003EC291 /* Agent_tvos_Tests.xctest */,
				F8302B6A29705766003EC291 /* Stress Tests.xctest */,
			);
			name = Products;
			sourceTree = "<group>";
		};
		F8302B8129705B28003EC291 /* Frameworks */ = {
			isa = PBXGroup;
			children = (
			);
			name = Frameworks;
			sourceTree = "<group>";
		};
		F8302B872970769E003EC291 /* Navigation */ = {
			isa = PBXGroup;
			children = (
				F8302AFA296F5EFA003EC291 /* SceneDelegate.swift */,
				F8302B8529707695003EC291 /* ViewControllerProvider.swift */,
				F8302B88297076E9003EC291 /* Coordinator.swift */,
				F8302B8A297076F9003EC291 /* MainCoordinator.swift */,
			);
			path = Navigation;
			sourceTree = "<group>";
		};
		F8302B8C29707828003EC291 /* ViewControllers */ = {
			isa = PBXGroup;
			children = (
				F824A43B29AEAE2D000886A6 /* ImageFullScreen.swift */,
				F8302AFC296F5EFA003EC291 /* ViewController.swift */,
				F86428402971BD5B002ABA01 /* UtilitiesViewController.swift */,
				F864284E2971E254002ABA01 /* WebViewController.swift */,
				F851E69E2A608F3900BCDD62 /* ScriptWebView.swift */,
				F83D61A22A69B82C00965855 /* WebSocketViewController.swift */,
			);
			path = ViewControllers;
			sourceTree = "<group>";
		};
		F8302B8F297078F2003EC291 /* ViewModels */ = {
			isa = PBXGroup;
			children = (
				F8302B8D297078EA003EC291 /* ApodViewModel.swift */,
				F86428472971C661002ABA01 /* UtilViewModel.swift */,
				F86428502971EE89002ABA01 /* Services */,
				F8302B922970800F003EC291 /* Models */,
			);
			path = ViewModels;
			sourceTree = "<group>";
		};
		F8302B922970800F003EC291 /* Models */ = {
			isa = PBXGroup;
			children = (
				F8302B9329708027003EC291 /* ApodResult.swift */,
			);
			path = Models;
			sourceTree = "<group>";
		};
		F8302B972970ADA7003EC291 /* Extensions */ = {
			isa = PBXGroup;
			children = (
				F8302B982970ADC1003EC291 /* UIImageView.swift */,
				F8302B9A2970B29D003EC291 /* Date.swift */,
			);
			path = Extensions;
			sourceTree = "<group>";
		};
		F848CDE22AA270E80082052F /* NRTestApp(tvOS)Tests */ = {
			isa = PBXGroup;
			children = (
				F848CDE32AA270E80082052F /* NRTestApp_tvOS_Tests.swift */,
				F848CDE52AA270E80082052F /* NRTestApp_tvOS_TestsLaunchTests.swift */,
			);
			path = "NRTestApp(tvOS)Tests";
			sourceTree = "<group>";
		};
		F86428492971DF80002ABA01 /* Helpers */ = {
			isa = PBXGroup;
			children = (
				F8302B972970ADA7003EC291 /* Extensions */,
				F824A43329AEADC2000886A6 /* ImageDetailPDFView.swift */,
				F8302B95297093FF003EC291 /* Variable.swift */,
				F8302B9C2970B3E0003EC291 /* ApodURL.swift */,
				F864286229775023002ABA01 /* plistHelper.swift */,
				F864284B2971DFA5002ABA01 /* triggerException.m */,
				F864284D2971DFC9002ABA01 /* triggerException.h */,
				F864284A2971DFA4002ABA01 /* NRTestApp-Bridging-Header.h */,
				F851E6A52A608F8500BCDD62 /* index.html */,
			);
			path = Helpers;
			sourceTree = "<group>";
		};
		F86428502971EE89002ABA01 /* Services */ = {
			isa = PBXGroup;
			children = (
				F8302B9029707BCC003EC291 /* ApodService.swift */,
			);
			path = Services;
			sourceTree = "<group>";
		};
		F86428EB2979CDAF002ABA01 /* NRTestApp (tvOS) */ = {
			isa = PBXGroup;
			children = (
				F86429542979D347002ABA01 /* NRTestApp--tvOS--Info.plist */,
				F86428F52979CDB0002ABA01 /* LaunchScreen.storyboard */,
				F824A30129A811E8000886A6 /* Assets.xcassets */,
			);
			path = "NRTestApp (tvOS)";
			sourceTree = "<group>";
		};
/* End PBXGroup section */

/* Begin PBXNativeTarget section */
		F8302AF4296F5EFA003EC291 /* NRTestApp */ = {
			isa = PBXNativeTarget;
			buildConfigurationList = F8302B1F296F5EFB003EC291 /* Build configuration list for PBXNativeTarget "NRTestApp" */;
			buildPhases = (
				F8302AF1296F5EFA003EC291 /* Sources */,
				F8302AF2296F5EFA003EC291 /* Frameworks */,
				F8302AF3296F5EFA003EC291 /* Resources */,
				F8302B7A297057F9003EC291 /* Run New Relic dSYM Upload Tool */,
				2BE9D6C32A1E90E400A09A98 /* Embed Frameworks */,
			);
			buildRules = (
			);
			dependencies = (
			);
			name = NRTestApp;
			productName = NRTestApp;
			productReference = F8302AF5296F5EFA003EC291 /* NRTestApp.app */;
			productType = "com.apple.product-type.application";
		};
		F8302B0A296F5EFB003EC291 /* NRTestAppTests */ = {
			isa = PBXNativeTarget;
			buildConfigurationList = F8302B22296F5EFB003EC291 /* Build configuration list for PBXNativeTarget "NRTestAppTests" */;
			buildPhases = (
				F8302B07296F5EFB003EC291 /* Sources */,
				F8302B08296F5EFB003EC291 /* Frameworks */,
				F8302B09296F5EFB003EC291 /* Resources */,
			);
			buildRules = (
			);
			dependencies = (
				F8302B0D296F5EFB003EC291 /* PBXTargetDependency */,
			);
			name = NRTestAppTests;
			productName = NRTestAppTests;
			productReference = F8302B0B296F5EFB003EC291 /* NRTestAppTests.xctest */;
			productType = "com.apple.product-type.bundle.unit-test";
		};
		F848CDE02AA270E80082052F /* NRTestApp(tvOS)Tests */ = {
			isa = PBXNativeTarget;
			buildConfigurationList = F848CDF02AA270E80082052F /* Build configuration list for PBXNativeTarget "NRTestApp(tvOS)Tests" */;
			buildPhases = (
				F848CDDD2AA270E80082052F /* Sources */,
				F848CDDE2AA270E80082052F /* Frameworks */,
				F848CDDF2AA270E80082052F /* Resources */,
			);
			buildRules = (
			);
			dependencies = (
				F848CDE82AA270E80082052F /* PBXTargetDependency */,
			);
			name = "NRTestApp(tvOS)Tests";
			productName = "NRTestApp(tvOS)Tests";
			productReference = F848CDE12AA270E80082052F /* NRTestApp(tvOS)Tests.xctest */;
			productType = "com.apple.product-type.bundle.ui-testing";
		};
		F86428E92979CDAF002ABA01 /* NRTestApp (tvOS) */ = {
			isa = PBXNativeTarget;
			buildConfigurationList = F86429192979CDB1002ABA01 /* Build configuration list for PBXNativeTarget "NRTestApp (tvOS)" */;
			buildPhases = (
				F86428E62979CDAF002ABA01 /* Sources */,
				F86428E72979CDAF002ABA01 /* Frameworks */,
				F86428E82979CDAF002ABA01 /* Resources */,
				F86429462979CE31002ABA01 /* Embed Frameworks */,
				F8B6F230298C51EB00D09B30 /* Run New Relic dSYM Upload Tool */,
			);
			buildRules = (
			);
			dependencies = (
			);
			name = "NRTestApp (tvOS)";
			productName = "NRTestApp (tvOS)";
			productReference = F86428EA2979CDAF002ABA01 /* NRTestApp (tvOS).app */;
			productType = "com.apple.product-type.application";
		};
/* End PBXNativeTarget section */

/* Begin PBXProject section */
		F8302AED296F5EFA003EC291 /* Project object */ = {
			isa = PBXProject;
			attributes = {
				BuildIndependentTargetsInParallel = 1;
				LastSwiftUpdateCheck = 1430;
				LastUpgradeCheck = 1420;
				TargetAttributes = {
					F8302AF4296F5EFA003EC291 = {
						CreatedOnToolsVersion = 14.2;
						LastSwiftMigration = 1420;
					};
					F8302B0A296F5EFB003EC291 = {
						CreatedOnToolsVersion = 14.2;
						TestTargetID = F8302AF4296F5EFA003EC291;
					};
					F848CDE02AA270E80082052F = {
						CreatedOnToolsVersion = 14.3.1;
						TestTargetID = F86428E92979CDAF002ABA01;
					};
					F86428E92979CDAF002ABA01 = {
						CreatedOnToolsVersion = 14.2;
					};
				};
			};
			buildConfigurationList = F8302AF0296F5EFA003EC291 /* Build configuration list for PBXProject "NRTestApp" */;
			compatibilityVersion = "Xcode 14.0";
			developmentRegion = en;
			hasScannedForEncodings = 0;
			knownRegions = (
				en,
				Base,
			);
			mainGroup = F8302AEC296F5EFA003EC291;
			productRefGroup = F8302AF6296F5EFA003EC291 /* Products */;
			projectDirPath = "";
			projectReferences = (
				{
					ProductGroup = F8302B5329705766003EC291 /* Products */;
					ProjectRef = F8302B5229705766003EC291 /* Agent.xcodeproj */;
				},
			);
			projectRoot = "";
			targets = (
				F8302AF4296F5EFA003EC291 /* NRTestApp */,
				F86428E92979CDAF002ABA01 /* NRTestApp (tvOS) */,
				F8302B0A296F5EFB003EC291 /* NRTestAppTests */,
				F848CDE02AA270E80082052F /* NRTestApp(tvOS)Tests */,
			);
		};
/* End PBXProject section */

/* Begin PBXReferenceProxy section */
		F8302B6229705766003EC291 /* NewRelic.framework */ = {
			isa = PBXReferenceProxy;
			fileType = wrapper.framework;
			path = NewRelic.framework;
			remoteRef = F8302B6129705766003EC291 /* PBXContainerItemProxy */;
			sourceTree = BUILT_PRODUCTS_DIR;
		};
		F8302B6429705766003EC291 /* NewRelic.framework */ = {
			isa = PBXReferenceProxy;
			fileType = wrapper.framework;
			path = NewRelic.framework;
			remoteRef = F8302B6329705766003EC291 /* PBXContainerItemProxy */;
			sourceTree = BUILT_PRODUCTS_DIR;
		};
		F8302B6629705766003EC291 /* Agent_Tests.xctest */ = {
			isa = PBXReferenceProxy;
			fileType = wrapper.cfbundle;
			path = Agent_Tests.xctest;
			remoteRef = F8302B6529705766003EC291 /* PBXContainerItemProxy */;
			sourceTree = BUILT_PRODUCTS_DIR;
		};
		F8302B6829705766003EC291 /* Agent_tvos_Tests.xctest */ = {
			isa = PBXReferenceProxy;
			fileType = wrapper.cfbundle;
			path = Agent_tvos_Tests.xctest;
			remoteRef = F8302B6729705766003EC291 /* PBXContainerItemProxy */;
			sourceTree = BUILT_PRODUCTS_DIR;
		};
		F8302B6A29705766003EC291 /* Stress Tests.xctest */ = {
			isa = PBXReferenceProxy;
			fileType = wrapper.cfbundle;
			path = "Stress Tests.xctest";
			remoteRef = F8302B6929705766003EC291 /* PBXContainerItemProxy */;
			sourceTree = BUILT_PRODUCTS_DIR;
		};
/* End PBXReferenceProxy section */

/* Begin PBXResourcesBuildPhase section */
		F8302AF3296F5EFA003EC291 /* Resources */ = {
			isa = PBXResourcesBuildPhase;
			buildActionMask = 2147483647;
			files = (
				F824A54D29BBB23D000886A6 /* NRAPI-Info.plist in Resources */,
				F851E6A62A608F8500BCDD62 /* index.html in Resources */,
				F8302B05296F5EFB003EC291 /* LaunchScreen.storyboard in Resources */,
				F8302B02296F5EFB003EC291 /* Assets.xcassets in Resources */,
			);
			runOnlyForDeploymentPostprocessing = 0;
		};
		F8302B09296F5EFB003EC291 /* Resources */ = {
			isa = PBXResourcesBuildPhase;
			buildActionMask = 2147483647;
			files = (
			);
			runOnlyForDeploymentPostprocessing = 0;
		};
		F848CDDF2AA270E80082052F /* Resources */ = {
			isa = PBXResourcesBuildPhase;
			buildActionMask = 2147483647;
			files = (
			);
			runOnlyForDeploymentPostprocessing = 0;
		};
		F86428E82979CDAF002ABA01 /* Resources */ = {
			isa = PBXResourcesBuildPhase;
			buildActionMask = 2147483647;
			files = (
				F824A54E29BBB23D000886A6 /* NRAPI-Info.plist in Resources */,
				F824A30229A811E8000886A6 /* Assets.xcassets in Resources */,
				F86428F72979CDB0002ABA01 /* LaunchScreen.storyboard in Resources */,
			);
			runOnlyForDeploymentPostprocessing = 0;
		};
/* End PBXResourcesBuildPhase section */

/* Begin PBXShellScriptBuildPhase section */
		F8302B7A297057F9003EC291 /* Run New Relic dSYM Upload Tool */ = {
			isa = PBXShellScriptBuildPhase;
			alwaysOutOfDate = 1;
			buildActionMask = 2147483647;
			files = (
			);
			inputFileListPaths = (
			);
			inputPaths = (
			);
			name = "Run New Relic dSYM Upload Tool";
			outputFileListPaths = (
			);
			outputPaths = (
			);
			runOnlyForDeploymentPostprocessing = 0;
			shellPath = /bin/sh;
			shellScript = "SCRIPT=`/usr/bin/find \"${SRCROOT}/../..\" -name run-symbol-tool | head -n 1`\n/bin/sh \"${SCRIPT}\" \"APP_TOKEN\"\n\n";
		};
		F8B6F230298C51EB00D09B30 /* Run New Relic dSYM Upload Tool */ = {
			isa = PBXShellScriptBuildPhase;
			alwaysOutOfDate = 1;
			buildActionMask = 2147483647;
			files = (
			);
			inputFileListPaths = (
			);
			inputPaths = (
			);
			name = "Run New Relic dSYM Upload Tool";
			outputFileListPaths = (
			);
			outputPaths = (
			);
			runOnlyForDeploymentPostprocessing = 0;
			shellPath = /bin/sh;
			shellScript = "SCRIPT=`/usr/bin/find \"${SRCROOT}/../..\" -name run-symbol-tool | head -n 1`\n/bin/sh \"${SCRIPT}\" \"APP_TOKEN\"\n\n";
		};
/* End PBXShellScriptBuildPhase section */

/* Begin PBXSourcesBuildPhase section */
		F8302AF1296F5EFA003EC291 /* Sources */ = {
			isa = PBXSourcesBuildPhase;
			buildActionMask = 2147483647;
			files = (
				F864284C2971DFA5002ABA01 /* triggerException.m in Sources */,
				F86428482971C661002ABA01 /* UtilViewModel.swift in Sources */,
				F8302AFD296F5EFA003EC291 /* ViewController.swift in Sources */,
				F8302B9129707BCC003EC291 /* ApodService.swift in Sources */,
				F8302B8B297076F9003EC291 /* MainCoordinator.swift in Sources */,
				F8302B8629707695003EC291 /* ViewControllerProvider.swift in Sources */,
				F8302B9429708027003EC291 /* ApodResult.swift in Sources */,
				F8302B89297076E9003EC291 /* Coordinator.swift in Sources */,
				F864286329775023002ABA01 /* plistHelper.swift in Sources */,
				F851E69F2A608F3900BCDD62 /* ScriptWebView.swift in Sources */,
				F8302B992970ADC1003EC291 /* UIImageView.swift in Sources */,
				F8302B9B2970B29D003EC291 /* Date.swift in Sources */,
				F8302B9D2970B3E0003EC291 /* ApodURL.swift in Sources */,
				F86428412971BD5B002ABA01 /* UtilitiesViewController.swift in Sources */,
				F83D61A32A69B82C00965855 /* WebSocketViewController.swift in Sources */,
				F864284F2971E254002ABA01 /* WebViewController.swift in Sources */,
				F8302AF9296F5EFA003EC291 /* AppDelegate.swift in Sources */,
				F8302B8E297078EA003EC291 /* ApodViewModel.swift in Sources */,
				F824A43929AEADC2000886A6 /* ImageDetailPDFView.swift in Sources */,
				F8302AFB296F5EFA003EC291 /* SceneDelegate.swift in Sources */,
				F824A43C29AEAE2D000886A6 /* ImageFullScreen.swift in Sources */,
				F8302B96297093FF003EC291 /* Variable.swift in Sources */,
			);
			runOnlyForDeploymentPostprocessing = 0;
		};
		F8302B07296F5EFB003EC291 /* Sources */ = {
			isa = PBXSourcesBuildPhase;
			buildActionMask = 2147483647;
			files = (
				F8302B10296F5EFB003EC291 /* NRTestAppTests.swift in Sources */,
				F825FB0929CA509100E1C1DC /* NRTestAppFakeNavigationAction.swift in Sources */,
				F8C8812929845B8C001C15B9 /* NRTestAppNavigationTests.swift in Sources */,
			);
			runOnlyForDeploymentPostprocessing = 0;
		};
		F848CDDD2AA270E80082052F /* Sources */ = {
			isa = PBXSourcesBuildPhase;
			buildActionMask = 2147483647;
			files = (
				F848CDE62AA270E80082052F /* NRTestApp_tvOS_TestsLaunchTests.swift in Sources */,
				F848CDE42AA270E80082052F /* NRTestApp_tvOS_Tests.swift in Sources */,
			);
			runOnlyForDeploymentPostprocessing = 0;
		};
		F86428E62979CDAF002ABA01 /* Sources */ = {
			isa = PBXSourcesBuildPhase;
			buildActionMask = 2147483647;
			files = (
				F86429302979CDFA002ABA01 /* UIImageView.swift in Sources */,
				F86429312979CDFA002ABA01 /* Date.swift in Sources */,
				F86429322979CDFA002ABA01 /* Variable.swift in Sources */,
				F86429332979CDFA002ABA01 /* ApodURL.swift in Sources */,
				F86429342979CDFA002ABA01 /* plistHelper.swift in Sources */,
				F86429352979CDFA002ABA01 /* triggerException.m in Sources */,
				F86429382979CDFA002ABA01 /* AppDelegate.swift in Sources */,
				F86429392979CDFA002ABA01 /* SceneDelegate.swift in Sources */,
				F864293A2979CDFA002ABA01 /* ViewControllerProvider.swift in Sources */,
				F864293B2979CDFA002ABA01 /* Coordinator.swift in Sources */,
				F864293C2979CDFA002ABA01 /* MainCoordinator.swift in Sources */,
				F864293D2979CDFA002ABA01 /* ViewController.swift in Sources */,
				F864293E2979CDFA002ABA01 /* UtilitiesViewController.swift in Sources */,
				F864293F2979CDFA002ABA01 /* WebViewController.swift in Sources */,
				F86429402979CDFA002ABA01 /* ApodViewModel.swift in Sources */,
				F86429412979CDFA002ABA01 /* UtilViewModel.swift in Sources */,
				F86429422979CDFA002ABA01 /* ApodService.swift in Sources */,
				F86429432979CDFA002ABA01 /* ApodResult.swift in Sources */,
				F83D61A42A69B82C00965855 /* WebSocketViewController.swift in Sources */,
			);
			runOnlyForDeploymentPostprocessing = 0;
		};
/* End PBXSourcesBuildPhase section */

/* Begin PBXTargetDependency section */
		F8302B0D296F5EFB003EC291 /* PBXTargetDependency */ = {
			isa = PBXTargetDependency;
			target = F8302AF4296F5EFA003EC291 /* NRTestApp */;
			targetProxy = F8302B0C296F5EFB003EC291 /* PBXContainerItemProxy */;
		};
		F848CDE82AA270E80082052F /* PBXTargetDependency */ = {
			isa = PBXTargetDependency;
			target = F86428E92979CDAF002ABA01 /* NRTestApp (tvOS) */;
			targetProxy = F848CDE72AA270E80082052F /* PBXContainerItemProxy */;
		};
/* End PBXTargetDependency section */

/* Begin PBXVariantGroup section */
		F8302B03296F5EFB003EC291 /* LaunchScreen.storyboard */ = {
			isa = PBXVariantGroup;
			children = (
				F8302B04296F5EFB003EC291 /* Base */,
			);
			name = LaunchScreen.storyboard;
			sourceTree = "<group>";
		};
		F86428F52979CDB0002ABA01 /* LaunchScreen.storyboard */ = {
			isa = PBXVariantGroup;
			children = (
				F86428F62979CDB0002ABA01 /* Base */,
			);
			name = LaunchScreen.storyboard;
			sourceTree = "<group>";
		};
/* End PBXVariantGroup section */

/* Begin XCBuildConfiguration section */
		F8302B1D296F5EFB003EC291 /* Debug */ = {
			isa = XCBuildConfiguration;
			buildSettings = {
				ALWAYS_SEARCH_USER_PATHS = NO;
				CLANG_ANALYZER_NONNULL = YES;
				CLANG_ANALYZER_NUMBER_OBJECT_CONVERSION = YES_AGGRESSIVE;
				CLANG_CXX_LANGUAGE_STANDARD = "gnu++20";
				CLANG_ENABLE_MODULES = YES;
				CLANG_ENABLE_OBJC_ARC = YES;
				CLANG_ENABLE_OBJC_WEAK = YES;
				CLANG_WARN_BLOCK_CAPTURE_AUTORELEASING = YES;
				CLANG_WARN_BOOL_CONVERSION = YES;
				CLANG_WARN_COMMA = YES;
				CLANG_WARN_CONSTANT_CONVERSION = YES;
				CLANG_WARN_DEPRECATED_OBJC_IMPLEMENTATIONS = YES;
				CLANG_WARN_DIRECT_OBJC_ISA_USAGE = YES_ERROR;
				CLANG_WARN_DOCUMENTATION_COMMENTS = YES;
				CLANG_WARN_EMPTY_BODY = YES;
				CLANG_WARN_ENUM_CONVERSION = YES;
				CLANG_WARN_INFINITE_RECURSION = YES;
				CLANG_WARN_INT_CONVERSION = YES;
				CLANG_WARN_NON_LITERAL_NULL_CONVERSION = YES;
				CLANG_WARN_OBJC_IMPLICIT_RETAIN_SELF = YES;
				CLANG_WARN_OBJC_LITERAL_CONVERSION = YES;
				CLANG_WARN_OBJC_ROOT_CLASS = YES_ERROR;
				CLANG_WARN_QUOTED_INCLUDE_IN_FRAMEWORK_HEADER = YES;
				CLANG_WARN_RANGE_LOOP_ANALYSIS = YES;
				CLANG_WARN_STRICT_PROTOTYPES = YES;
				CLANG_WARN_SUSPICIOUS_MOVE = YES;
				CLANG_WARN_UNGUARDED_AVAILABILITY = YES_AGGRESSIVE;
				CLANG_WARN_UNREACHABLE_CODE = YES;
				CLANG_WARN__DUPLICATE_METHOD_MATCH = YES;
				COPY_PHASE_STRIP = NO;
				DEBUG_INFORMATION_FORMAT = dwarf;
				ENABLE_STRICT_OBJC_MSGSEND = YES;
				ENABLE_TESTABILITY = YES;
				GCC_C_LANGUAGE_STANDARD = gnu11;
				GCC_DYNAMIC_NO_PIC = NO;
				GCC_NO_COMMON_BLOCKS = YES;
				GCC_OPTIMIZATION_LEVEL = 0;
				GCC_PREPROCESSOR_DEFINITIONS = (
					"DEBUG=1",
					"$(inherited)",
				);
				GCC_WARN_64_TO_32_BIT_CONVERSION = YES;
				GCC_WARN_ABOUT_RETURN_TYPE = YES_ERROR;
				GCC_WARN_UNDECLARED_SELECTOR = YES;
				GCC_WARN_UNINITIALIZED_AUTOS = YES_AGGRESSIVE;
				GCC_WARN_UNUSED_FUNCTION = YES;
				GCC_WARN_UNUSED_VARIABLE = YES;
				INFOPLIST_KEY_LSApplicationCategoryType = "public.app-category.business";
				IPHONEOS_DEPLOYMENT_TARGET = 16.2;
				MTL_ENABLE_DEBUG_INFO = INCLUDE_SOURCE;
				MTL_FAST_MATH = YES;
				ONLY_ACTIVE_ARCH = YES;
				SDKROOT = iphoneos;
				SWIFT_ACTIVE_COMPILATION_CONDITIONS = DEBUG;
				SWIFT_OPTIMIZATION_LEVEL = "-Onone";
			};
			name = Debug;
		};
		F8302B1E296F5EFB003EC291 /* Release */ = {
			isa = XCBuildConfiguration;
			buildSettings = {
				ALWAYS_SEARCH_USER_PATHS = NO;
				CLANG_ANALYZER_NONNULL = YES;
				CLANG_ANALYZER_NUMBER_OBJECT_CONVERSION = YES_AGGRESSIVE;
				CLANG_CXX_LANGUAGE_STANDARD = "gnu++20";
				CLANG_ENABLE_MODULES = YES;
				CLANG_ENABLE_OBJC_ARC = YES;
				CLANG_ENABLE_OBJC_WEAK = YES;
				CLANG_WARN_BLOCK_CAPTURE_AUTORELEASING = YES;
				CLANG_WARN_BOOL_CONVERSION = YES;
				CLANG_WARN_COMMA = YES;
				CLANG_WARN_CONSTANT_CONVERSION = YES;
				CLANG_WARN_DEPRECATED_OBJC_IMPLEMENTATIONS = YES;
				CLANG_WARN_DIRECT_OBJC_ISA_USAGE = YES_ERROR;
				CLANG_WARN_DOCUMENTATION_COMMENTS = YES;
				CLANG_WARN_EMPTY_BODY = YES;
				CLANG_WARN_ENUM_CONVERSION = YES;
				CLANG_WARN_INFINITE_RECURSION = YES;
				CLANG_WARN_INT_CONVERSION = YES;
				CLANG_WARN_NON_LITERAL_NULL_CONVERSION = YES;
				CLANG_WARN_OBJC_IMPLICIT_RETAIN_SELF = YES;
				CLANG_WARN_OBJC_LITERAL_CONVERSION = YES;
				CLANG_WARN_OBJC_ROOT_CLASS = YES_ERROR;
				CLANG_WARN_QUOTED_INCLUDE_IN_FRAMEWORK_HEADER = YES;
				CLANG_WARN_RANGE_LOOP_ANALYSIS = YES;
				CLANG_WARN_STRICT_PROTOTYPES = YES;
				CLANG_WARN_SUSPICIOUS_MOVE = YES;
				CLANG_WARN_UNGUARDED_AVAILABILITY = YES_AGGRESSIVE;
				CLANG_WARN_UNREACHABLE_CODE = YES;
				CLANG_WARN__DUPLICATE_METHOD_MATCH = YES;
				COPY_PHASE_STRIP = NO;
				DEBUG_INFORMATION_FORMAT = "dwarf-with-dsym";
				ENABLE_NS_ASSERTIONS = NO;
				ENABLE_STRICT_OBJC_MSGSEND = YES;
				GCC_C_LANGUAGE_STANDARD = gnu11;
				GCC_NO_COMMON_BLOCKS = YES;
				GCC_WARN_64_TO_32_BIT_CONVERSION = YES;
				GCC_WARN_ABOUT_RETURN_TYPE = YES_ERROR;
				GCC_WARN_UNDECLARED_SELECTOR = YES;
				GCC_WARN_UNINITIALIZED_AUTOS = YES_AGGRESSIVE;
				GCC_WARN_UNUSED_FUNCTION = YES;
				GCC_WARN_UNUSED_VARIABLE = YES;
				INFOPLIST_KEY_LSApplicationCategoryType = "public.app-category.business";
				IPHONEOS_DEPLOYMENT_TARGET = 16.2;
				MTL_ENABLE_DEBUG_INFO = NO;
				MTL_FAST_MATH = YES;
				SDKROOT = iphoneos;
				SWIFT_COMPILATION_MODE = wholemodule;
				SWIFT_OPTIMIZATION_LEVEL = "-O";
				VALIDATE_PRODUCT = YES;
			};
			name = Release;
		};
		F8302B20296F5EFB003EC291 /* Debug */ = {
			isa = XCBuildConfiguration;
			buildSettings = {
				ASSETCATALOG_COMPILER_APPICON_NAME = AppIcon;
				ASSETCATALOG_COMPILER_GLOBAL_ACCENT_COLOR_NAME = AccentColor;
				CLANG_ENABLE_MODULES = YES;
				CLANG_WARN_QUOTED_INCLUDE_IN_FRAMEWORK_HEADER = NO;
				CODE_SIGN_ENTITLEMENTS = NRTestApp/NRTestApp.entitlements;
				"CODE_SIGN_IDENTITY[sdk=macosx*]" = "Apple Development";
				CODE_SIGN_STYLE = Automatic;
				CURRENT_PROJECT_VERSION = 13;
				DEVELOPMENT_TEAM = SU7SUNGZJP;
				"ENABLE_APP_SANDBOX[sdk=*]" = NO;
				GCC_GENERATE_TEST_COVERAGE_FILES = YES;
				GENERATE_INFOPLIST_FILE = YES;
				INFOPLIST_FILE = NRTestApp/Info.plist;
				INFOPLIST_KEY_LSApplicationCategoryType = "public.app-category.business";
				INFOPLIST_KEY_UIApplicationSupportsIndirectInputEvents = YES;
				INFOPLIST_KEY_UILaunchStoryboardName = LaunchScreen;
				INFOPLIST_KEY_UISupportedInterfaceOrientations = "UIInterfaceOrientationLandscapeLeft UIInterfaceOrientationLandscapeRight UIInterfaceOrientationPortrait";
				INFOPLIST_KEY_UISupportedInterfaceOrientations_iPad = "UIInterfaceOrientationLandscapeLeft UIInterfaceOrientationLandscapeRight UIInterfaceOrientationPortrait UIInterfaceOrientationPortraitUpsideDown";
				IPHONEOS_DEPLOYMENT_TARGET = 13.0;
				LD_RUNPATH_SEARCH_PATHS = (
					"$(inherited)",
					"@executable_path/Frameworks",
				);
				MARKETING_VERSION = 4.7;
				OTHER_LDFLAGS = "";
				PRODUCT_BUNDLE_IDENTIFIER = com.newrelic.NRApp.bitcode;
				PRODUCT_NAME = "$(TARGET_NAME)";
				SUPPORTED_PLATFORMS = "iphoneos iphonesimulator";
				SUPPORTS_MACCATALYST = YES;
				SUPPORTS_MAC_DESIGNED_FOR_IPHONE_IPAD = NO;
				SWIFT_ACTIVE_COMPILATION_CONDITIONS = DEBUG;
				SWIFT_EMIT_LOC_STRINGS = YES;
				SWIFT_OBJC_BRIDGING_HEADER = "NRTestApp/Helpers/NRTestApp-Bridging-Header.h";
				SWIFT_OPTIMIZATION_LEVEL = "-Onone";
				SWIFT_VERSION = 5.0;
				TARGETED_DEVICE_FAMILY = "1,2";
			};
			name = Debug;
		};
		F8302B21296F5EFB003EC291 /* Release */ = {
			isa = XCBuildConfiguration;
			buildSettings = {
				ASSETCATALOG_COMPILER_APPICON_NAME = AppIcon;
				ASSETCATALOG_COMPILER_GLOBAL_ACCENT_COLOR_NAME = AccentColor;
				CLANG_ENABLE_MODULES = YES;
				CLANG_WARN_QUOTED_INCLUDE_IN_FRAMEWORK_HEADER = NO;
				CODE_SIGN_ENTITLEMENTS = NRTestApp/NRTestApp.entitlements;
				"CODE_SIGN_IDENTITY[sdk=iphoneos*]" = "iPhone Distribution";
				"CODE_SIGN_IDENTITY[sdk=macosx*]" = "Apple Distribution";
				CODE_SIGN_STYLE = Manual;
				CURRENT_PROJECT_VERSION = 13;
				DEVELOPMENT_TEAM = "";
				"DEVELOPMENT_TEAM[sdk=iphoneos*]" = SU7SUNGZJP;
				"DEVELOPMENT_TEAM[sdk=macosx*]" = SU7SUNGZJP;
				ENABLE_APP_SANDBOX = YES;
				"ENABLE_APP_SANDBOX[sdk=*]" = NO;
				"ENABLE_APP_SANDBOX[sdk=macosx*]" = YES;
				GCC_GENERATE_TEST_COVERAGE_FILES = YES;
				GENERATE_INFOPLIST_FILE = YES;
				INFOPLIST_FILE = NRTestApp/Info.plist;
				INFOPLIST_KEY_LSApplicationCategoryType = "public.app-category.business";
				INFOPLIST_KEY_UIApplicationSupportsIndirectInputEvents = YES;
				INFOPLIST_KEY_UILaunchStoryboardName = LaunchScreen;
				INFOPLIST_KEY_UISupportedInterfaceOrientations = "UIInterfaceOrientationLandscapeLeft UIInterfaceOrientationLandscapeRight UIInterfaceOrientationPortrait";
				INFOPLIST_KEY_UISupportedInterfaceOrientations_iPad = "UIInterfaceOrientationLandscapeLeft UIInterfaceOrientationLandscapeRight UIInterfaceOrientationPortrait UIInterfaceOrientationPortraitUpsideDown";
				IPHONEOS_DEPLOYMENT_TARGET = 13.0;
				LD_RUNPATH_SEARCH_PATHS = (
					"$(inherited)",
					"@executable_path/Frameworks",
				);
				MARKETING_VERSION = 4.7;
				OTHER_LDFLAGS = "";
				PRODUCT_BUNDLE_IDENTIFIER = com.newrelic.NRApp.bitcode;
				PRODUCT_NAME = "$(TARGET_NAME)";
				PROVISIONING_PROFILE_SPECIFIER = "";
				"PROVISIONING_PROFILE_SPECIFIER[sdk=iphoneos*]" = iOSAgentiOSDist;
				"PROVISIONING_PROFILE_SPECIFIER[sdk=macosx*]" = iOSAgentDist;
				SUPPORTED_PLATFORMS = "iphoneos iphonesimulator";
				SUPPORTS_MACCATALYST = YES;
				SUPPORTS_MAC_DESIGNED_FOR_IPHONE_IPAD = NO;
				SWIFT_EMIT_LOC_STRINGS = YES;
				SWIFT_OBJC_BRIDGING_HEADER = "NRTestApp/Helpers/NRTestApp-Bridging-Header.h";
				SWIFT_VERSION = 5.0;
				TARGETED_DEVICE_FAMILY = "1,2";
			};
			name = Release;
		};
		F8302B23296F5EFB003EC291 /* Debug */ = {
			isa = XCBuildConfiguration;
			buildSettings = {
				ALWAYS_EMBED_SWIFT_STANDARD_LIBRARIES = YES;
				BUNDLE_LOADER = "$(TEST_HOST)";
				CLANG_WARN_QUOTED_INCLUDE_IN_FRAMEWORK_HEADER = NO;
				CODE_SIGN_STYLE = Automatic;
				CURRENT_PROJECT_VERSION = 1;
				DEVELOPMENT_TEAM = SU7SUNGZJP;
				GENERATE_INFOPLIST_FILE = YES;
				IPHONEOS_DEPLOYMENT_TARGET = 16.2;
				MARKETING_VERSION = 1.0;
				OTHER_LDFLAGS = "";
				PRODUCT_BUNDLE_IDENTIFIER = newrelic.NRTestAppTests;
				PRODUCT_NAME = "$(TARGET_NAME)";
				SWIFT_EMIT_LOC_STRINGS = NO;
				SWIFT_VERSION = 5.0;
				TARGETED_DEVICE_FAMILY = "1,2";
				TEST_HOST = "$(BUILT_PRODUCTS_DIR)/NRTestApp.app/$(BUNDLE_EXECUTABLE_FOLDER_PATH)/NRTestApp";
			};
			name = Debug;
		};
		F8302B24296F5EFB003EC291 /* Release */ = {
			isa = XCBuildConfiguration;
			buildSettings = {
				ALWAYS_EMBED_SWIFT_STANDARD_LIBRARIES = YES;
				BUNDLE_LOADER = "$(TEST_HOST)";
				CLANG_WARN_QUOTED_INCLUDE_IN_FRAMEWORK_HEADER = NO;
				CODE_SIGN_STYLE = Automatic;
				CURRENT_PROJECT_VERSION = 1;
				DEVELOPMENT_TEAM = SU7SUNGZJP;
				GENERATE_INFOPLIST_FILE = YES;
				IPHONEOS_DEPLOYMENT_TARGET = 16.2;
				MARKETING_VERSION = 1.0;
				OTHER_LDFLAGS = "";
				PRODUCT_BUNDLE_IDENTIFIER = newrelic.NRTestAppTests;
				PRODUCT_NAME = "$(TARGET_NAME)";
				SWIFT_EMIT_LOC_STRINGS = NO;
				SWIFT_VERSION = 5.0;
				TARGETED_DEVICE_FAMILY = "1,2";
				TEST_HOST = "$(BUILT_PRODUCTS_DIR)/NRTestApp.app/$(BUNDLE_EXECUTABLE_FOLDER_PATH)/NRTestApp";
			};
			name = Release;
		};
		F848CDE92AA270E80082052F /* Debug */ = {
			isa = XCBuildConfiguration;
			buildSettings = {
				CODE_SIGN_STYLE = Automatic;
				CURRENT_PROJECT_VERSION = 1;
				DEVELOPMENT_TEAM = SU7SUNGZJP;
				GENERATE_INFOPLIST_FILE = YES;
				MARKETING_VERSION = 1.0;
				PRODUCT_BUNDLE_IDENTIFIER = "newrelic.NRTestApp-tvOS-Tests";
				PRODUCT_NAME = "$(TARGET_NAME)";
				SDKROOT = appletvos;
				SWIFT_EMIT_LOC_STRINGS = NO;
				SWIFT_VERSION = 5.0;
				TARGETED_DEVICE_FAMILY = 3;
				TEST_TARGET_NAME = "NRTestApp (tvOS)";
				TVOS_DEPLOYMENT_TARGET = 11.0;
			};
			name = Debug;
		};
		F848CDEA2AA270E80082052F /* Release */ = {
			isa = XCBuildConfiguration;
			buildSettings = {
				CODE_SIGN_STYLE = Automatic;
				CURRENT_PROJECT_VERSION = 1;
				DEVELOPMENT_TEAM = SU7SUNGZJP;
				GENERATE_INFOPLIST_FILE = YES;
				MARKETING_VERSION = 1.0;
				PRODUCT_BUNDLE_IDENTIFIER = "newrelic.NRTestApp-tvOS-Tests";
				PRODUCT_NAME = "$(TARGET_NAME)";
				SDKROOT = appletvos;
				SWIFT_EMIT_LOC_STRINGS = NO;
				SWIFT_VERSION = 5.0;
				TARGETED_DEVICE_FAMILY = 3;
				TEST_TARGET_NAME = "NRTestApp (tvOS)";
				TVOS_DEPLOYMENT_TARGET = 11.0;
			};
			name = Release;
		};
		F864290E2979CDB1002ABA01 /* Debug */ = {
			isa = XCBuildConfiguration;
			buildSettings = {
				ASSETCATALOG_COMPILER_APPICON_NAME = "App Icon & Top Shelf Image";
				ASSETCATALOG_COMPILER_GLOBAL_ACCENT_COLOR_NAME = AccentColor;
				CLANG_WARN_QUOTED_INCLUDE_IN_FRAMEWORK_HEADER = NO;
				CODE_SIGN_IDENTITY = "Apple Development";
				CODE_SIGN_STYLE = Automatic;
				CURRENT_PROJECT_VERSION = 13;
				DEVELOPMENT_TEAM = SU7SUNGZJP;
				GENERATE_INFOPLIST_FILE = YES;
				INFOPLIST_FILE = "NRTestApp (tvOS)/NRTestApp--tvOS--Info.plist";
				INFOPLIST_KEY_LSApplicationCategoryType = "public.app-category.business";
				INFOPLIST_KEY_UILaunchStoryboardName = LaunchScreen;
				INFOPLIST_KEY_UIUserInterfaceStyle = Automatic;
				LD_RUNPATH_SEARCH_PATHS = (
					"$(inherited)",
					"@executable_path/Frameworks",
				);
				MARKETING_VERSION = 4.7;
				OTHER_LDFLAGS = "";
				PRODUCT_BUNDLE_IDENTIFIER = "newrelic.NRTestApp--tvOS";
				PRODUCT_NAME = "$(TARGET_NAME)";
				PROVISIONING_PROFILE_SPECIFIER = "";
				SDKROOT = appletvos;
				SWIFT_EMIT_LOC_STRINGS = YES;
				SWIFT_OBJC_BRIDGING_HEADER = "NRTestApp/Helpers/NRTestApp-Bridging-Header.h";
				SWIFT_VERSION = 5.0;
				TARGETED_DEVICE_FAMILY = 3;
				TVOS_DEPLOYMENT_TARGET = 13.0;
			};
			name = Debug;
		};
		F864290F2979CDB1002ABA01 /* Release */ = {
			isa = XCBuildConfiguration;
			buildSettings = {
				ASSETCATALOG_COMPILER_APPICON_NAME = "App Icon & Top Shelf Image";
				ASSETCATALOG_COMPILER_GLOBAL_ACCENT_COLOR_NAME = AccentColor;
				CLANG_WARN_QUOTED_INCLUDE_IN_FRAMEWORK_HEADER = NO;
				"CODE_SIGN_IDENTITY[sdk=appletvos*]" = "iPhone Distribution";
				CODE_SIGN_STYLE = Manual;
				CURRENT_PROJECT_VERSION = 13;
				DEVELOPMENT_TEAM = "";
				"DEVELOPMENT_TEAM[sdk=appletvos*]" = SU7SUNGZJP;
				GENERATE_INFOPLIST_FILE = YES;
				INFOPLIST_FILE = "NRTestApp (tvOS)/NRTestApp--tvOS--Info.plist";
				INFOPLIST_KEY_LSApplicationCategoryType = "public.app-category.business";
				INFOPLIST_KEY_UILaunchStoryboardName = LaunchScreen;
				INFOPLIST_KEY_UIUserInterfaceStyle = Automatic;
				LD_RUNPATH_SEARCH_PATHS = (
					"$(inherited)",
					"@executable_path/Frameworks",
				);
				MARKETING_VERSION = 4.7;
				OTHER_LDFLAGS = "";
				PRODUCT_BUNDLE_IDENTIFIER = "com.newrelic.NRApp.bitcode-tvOS";
				PRODUCT_NAME = "$(TARGET_NAME)";
				PROVISIONING_PROFILE_SPECIFIER = "";
				"PROVISIONING_PROFILE_SPECIFIER[sdk=appletvos*]" = iOSAgentTvOSDist;
				SDKROOT = appletvos;
				SWIFT_EMIT_LOC_STRINGS = YES;
				SWIFT_OBJC_BRIDGING_HEADER = "NRTestApp/Helpers/NRTestApp-Bridging-Header.h";
				SWIFT_VERSION = 5.0;
				TARGETED_DEVICE_FAMILY = 3;
				TVOS_DEPLOYMENT_TARGET = 13.0;
			};
			name = Release;
		};
/* End XCBuildConfiguration section */

/* Begin XCConfigurationList section */
		F8302AF0296F5EFA003EC291 /* Build configuration list for PBXProject "NRTestApp" */ = {
			isa = XCConfigurationList;
			buildConfigurations = (
				F8302B1D296F5EFB003EC291 /* Debug */,
				F8302B1E296F5EFB003EC291 /* Release */,
			);
			defaultConfigurationIsVisible = 0;
			defaultConfigurationName = Release;
		};
		F8302B1F296F5EFB003EC291 /* Build configuration list for PBXNativeTarget "NRTestApp" */ = {
			isa = XCConfigurationList;
			buildConfigurations = (
				F8302B20296F5EFB003EC291 /* Debug */,
				F8302B21296F5EFB003EC291 /* Release */,
			);
			defaultConfigurationIsVisible = 0;
			defaultConfigurationName = Release;
		};
		F8302B22296F5EFB003EC291 /* Build configuration list for PBXNativeTarget "NRTestAppTests" */ = {
			isa = XCConfigurationList;
			buildConfigurations = (
				F8302B23296F5EFB003EC291 /* Debug */,
				F8302B24296F5EFB003EC291 /* Release */,
			);
			defaultConfigurationIsVisible = 0;
			defaultConfigurationName = Release;
		};
		F848CDF02AA270E80082052F /* Build configuration list for PBXNativeTarget "NRTestApp(tvOS)Tests" */ = {
			isa = XCConfigurationList;
			buildConfigurations = (
				F848CDE92AA270E80082052F /* Debug */,
				F848CDEA2AA270E80082052F /* Release */,
			);
			defaultConfigurationIsVisible = 0;
			defaultConfigurationName = Release;
		};
		F86429192979CDB1002ABA01 /* Build configuration list for PBXNativeTarget "NRTestApp (tvOS)" */ = {
			isa = XCConfigurationList;
			buildConfigurations = (
				F864290E2979CDB1002ABA01 /* Debug */,
				F864290F2979CDB1002ABA01 /* Release */,
			);
			defaultConfigurationIsVisible = 0;
			defaultConfigurationName = Release;
		};
/* End XCConfigurationList section */
	};
	rootObject = F8302AED296F5EFA003EC291 /* Project object */;
}
