// !$*UTF8*$!
{
	archiveVersion = 1;
	classes = {
	};
	objectVersion = 56;
	objects = {

/* Begin PBXBuildFile section */
		F8302AF9296F5EFA003EC291 /* AppDelegate.swift in Sources */ = {isa = PBXBuildFile; fileRef = F8302AF8296F5EFA003EC291 /* AppDelegate.swift */; };
		F8302AFB296F5EFA003EC291 /* SceneDelegate.swift in Sources */ = {isa = PBXBuildFile; fileRef = F8302AFA296F5EFA003EC291 /* SceneDelegate.swift */; };
		F8302AFD296F5EFA003EC291 /* ViewController.swift in Sources */ = {isa = PBXBuildFile; fileRef = F8302AFC296F5EFA003EC291 /* ViewController.swift */; };
		F8302B00296F5EFA003EC291 /* Main.storyboard in Resources */ = {isa = PBXBuildFile; fileRef = F8302AFE296F5EFA003EC291 /* Main.storyboard */; };
		F8302B02296F5EFB003EC291 /* Assets.xcassets in Resources */ = {isa = PBXBuildFile; fileRef = F8302B01296F5EFB003EC291 /* Assets.xcassets */; };
		F8302B05296F5EFB003EC291 /* LaunchScreen.storyboard in Resources */ = {isa = PBXBuildFile; fileRef = F8302B03296F5EFB003EC291 /* LaunchScreen.storyboard */; };
		F8302B10296F5EFB003EC291 /* NRTestAppTests.swift in Sources */ = {isa = PBXBuildFile; fileRef = F8302B0F296F5EFB003EC291 /* NRTestAppTests.swift */; };
		F8302B1A296F5EFB003EC291 /* NRTestAppUITests.swift in Sources */ = {isa = PBXBuildFile; fileRef = F8302B19296F5EFB003EC291 /* NRTestAppUITests.swift */; };
		F8302B1C296F5EFB003EC291 /* NRTestAppUITestsLaunchTests.swift in Sources */ = {isa = PBXBuildFile; fileRef = F8302B1B296F5EFB003EC291 /* NRTestAppUITestsLaunchTests.swift */; };
		F8302B8229705B28003EC291 /* NewRelic.framework in Frameworks */ = {isa = PBXBuildFile; fileRef = F8302B6229705766003EC291 /* NewRelic.framework */; };
		F8302B8329705B28003EC291 /* NewRelic.framework in Embed Frameworks */ = {isa = PBXBuildFile; fileRef = F8302B6229705766003EC291 /* NewRelic.framework */; settings = {ATTRIBUTES = (CodeSignOnCopy, RemoveHeadersOnCopy, ); }; };
		F8302B8629707695003EC291 /* ViewControllerProvider.swift in Sources */ = {isa = PBXBuildFile; fileRef = F8302B8529707695003EC291 /* ViewControllerProvider.swift */; };
		F8302B89297076E9003EC291 /* Coordinator.swift in Sources */ = {isa = PBXBuildFile; fileRef = F8302B88297076E9003EC291 /* Coordinator.swift */; };
		F8302B8B297076F9003EC291 /* MainCoordinator.swift in Sources */ = {isa = PBXBuildFile; fileRef = F8302B8A297076F9003EC291 /* MainCoordinator.swift */; };
		F8302B8E297078EA003EC291 /* ApodViewModel.swift in Sources */ = {isa = PBXBuildFile; fileRef = F8302B8D297078EA003EC291 /* ApodViewModel.swift */; };
		F8302B9129707BCC003EC291 /* ApodService.swift in Sources */ = {isa = PBXBuildFile; fileRef = F8302B9029707BCC003EC291 /* ApodService.swift */; };
		F8302B9429708027003EC291 /* ApodResult.swift in Sources */ = {isa = PBXBuildFile; fileRef = F8302B9329708027003EC291 /* ApodResult.swift */; };
		F8302B96297093FF003EC291 /* Variable.swift in Sources */ = {isa = PBXBuildFile; fileRef = F8302B95297093FF003EC291 /* Variable.swift */; };
		F8302B992970ADC1003EC291 /* UIImageView.swift in Sources */ = {isa = PBXBuildFile; fileRef = F8302B982970ADC1003EC291 /* UIImageView.swift */; };
		F8302B9B2970B29D003EC291 /* Date.swift in Sources */ = {isa = PBXBuildFile; fileRef = F8302B9A2970B29D003EC291 /* Date.swift */; };
		F8302B9D2970B3E0003EC291 /* ApodURL.swift in Sources */ = {isa = PBXBuildFile; fileRef = F8302B9C2970B3E0003EC291 /* ApodURL.swift */; };
		F86428412971BD5B002ABA01 /* UtilitiesViewController.swift in Sources */ = {isa = PBXBuildFile; fileRef = F86428402971BD5B002ABA01 /* UtilitiesViewController.swift */; };
		F86428482971C661002ABA01 /* UtilViewModel.swift in Sources */ = {isa = PBXBuildFile; fileRef = F86428472971C661002ABA01 /* UtilViewModel.swift */; };
		F864284C2971DFA5002ABA01 /* triggerException.m in Sources */ = {isa = PBXBuildFile; fileRef = F864284B2971DFA5002ABA01 /* triggerException.m */; };
		F864284F2971E254002ABA01 /* WebViewController.swift in Sources */ = {isa = PBXBuildFile; fileRef = F864284E2971E254002ABA01 /* WebViewController.swift */; };
		F864286129774E2D002ABA01 /* NRAPIInfo.plist in Resources */ = {isa = PBXBuildFile; fileRef = F864286029774E2D002ABA01 /* NRAPIInfo.plist */; };
		F864286329775023002ABA01 /* plistHelper.swift in Sources */ = {isa = PBXBuildFile; fileRef = F864286229775023002ABA01 /* plistHelper.swift */; };
/* End PBXBuildFile section */

/* Begin PBXContainerItemProxy section */
		F8302B0C296F5EFB003EC291 /* PBXContainerItemProxy */ = {
			isa = PBXContainerItemProxy;
			containerPortal = F8302AED296F5EFA003EC291 /* Project object */;
			proxyType = 1;
			remoteGlobalIDString = F8302AF4296F5EFA003EC291;
			remoteInfo = NRTestApp;
		};
		F8302B16296F5EFB003EC291 /* PBXContainerItemProxy */ = {
			isa = PBXContainerItemProxy;
			containerPortal = F8302AED296F5EFA003EC291 /* Project object */;
			proxyType = 1;
			remoteGlobalIDString = F8302AF4296F5EFA003EC291;
			remoteInfo = NRTestApp;
		};
		F8302B6129705766003EC291 /* PBXContainerItemProxy */ = {
			isa = PBXContainerItemProxy;
			containerPortal = F8302B5229705766003EC291 /* Agent.xcodeproj */;
			proxyType = 2;
			remoteGlobalIDString = 021A15BA24C9EEE700E8DFD5;
			remoteInfo = Agent_iOS;
		};
		F8302B6329705766003EC291 /* PBXContainerItemProxy */ = {
			isa = PBXContainerItemProxy;
			containerPortal = F8302B5229705766003EC291 /* Agent.xcodeproj */;
			proxyType = 2;
			remoteGlobalIDString = 02FF4CAC24E3201400115469;
			remoteInfo = Agent_tvos;
		};
		F8302B6529705766003EC291 /* PBXContainerItemProxy */ = {
			isa = PBXContainerItemProxy;
			containerPortal = F8302B5229705766003EC291 /* Agent.xcodeproj */;
			proxyType = 2;
			remoteGlobalIDString = 0209ABB824E7054800E45C90;
			remoteInfo = Agent_Tests;
		};
		F8302B6729705766003EC291 /* PBXContainerItemProxy */ = {
			isa = PBXContainerItemProxy;
			containerPortal = F8302B5229705766003EC291 /* Agent.xcodeproj */;
			proxyType = 2;
			remoteGlobalIDString = 0256586024EB19BF00FE3125;
			remoteInfo = Agent_tvos_Tests;
		};
		F8302B6929705766003EC291 /* PBXContainerItemProxy */ = {
			isa = PBXContainerItemProxy;
			containerPortal = F8302B5229705766003EC291 /* Agent.xcodeproj */;
			proxyType = 2;
			remoteGlobalIDString = 025658A824EB2AAC00FE3125;
			remoteInfo = "Stress Tests";
		};
/* End PBXContainerItemProxy section */

/* Begin PBXCopyFilesBuildPhase section */
		F8302B8429705B29003EC291 /* Embed Frameworks */ = {
			isa = PBXCopyFilesBuildPhase;
			buildActionMask = 2147483647;
			dstPath = "";
			dstSubfolderSpec = 10;
			files = (
				F8302B8329705B28003EC291 /* NewRelic.framework in Embed Frameworks */,
			);
			name = "Embed Frameworks";
			runOnlyForDeploymentPostprocessing = 0;
		};
/* End PBXCopyFilesBuildPhase section */

/* Begin PBXFileReference section */
		F8302AF5296F5EFA003EC291 /* NRTestApp.app */ = {isa = PBXFileReference; explicitFileType = wrapper.application; includeInIndex = 0; path = NRTestApp.app; sourceTree = BUILT_PRODUCTS_DIR; };
		F8302AF8296F5EFA003EC291 /* AppDelegate.swift */ = {isa = PBXFileReference; lastKnownFileType = sourcecode.swift; path = AppDelegate.swift; sourceTree = "<group>"; };
		F8302AFA296F5EFA003EC291 /* SceneDelegate.swift */ = {isa = PBXFileReference; lastKnownFileType = sourcecode.swift; path = SceneDelegate.swift; sourceTree = "<group>"; };
		F8302AFC296F5EFA003EC291 /* ViewController.swift */ = {isa = PBXFileReference; lastKnownFileType = sourcecode.swift; path = ViewController.swift; sourceTree = "<group>"; };
		F8302AFF296F5EFA003EC291 /* Base */ = {isa = PBXFileReference; lastKnownFileType = file.storyboard; name = Base; path = Base.lproj/Main.storyboard; sourceTree = "<group>"; };
		F8302B01296F5EFB003EC291 /* Assets.xcassets */ = {isa = PBXFileReference; lastKnownFileType = folder.assetcatalog; path = Assets.xcassets; sourceTree = "<group>"; };
		F8302B04296F5EFB003EC291 /* Base */ = {isa = PBXFileReference; lastKnownFileType = file.storyboard; name = Base; path = Base.lproj/LaunchScreen.storyboard; sourceTree = "<group>"; };
		F8302B06296F5EFB003EC291 /* Info.plist */ = {isa = PBXFileReference; lastKnownFileType = text.plist.xml; path = Info.plist; sourceTree = "<group>"; };
		F8302B0B296F5EFB003EC291 /* NRTestAppTests.xctest */ = {isa = PBXFileReference; explicitFileType = wrapper.cfbundle; includeInIndex = 0; path = NRTestAppTests.xctest; sourceTree = BUILT_PRODUCTS_DIR; };
		F8302B0F296F5EFB003EC291 /* NRTestAppTests.swift */ = {isa = PBXFileReference; lastKnownFileType = sourcecode.swift; path = NRTestAppTests.swift; sourceTree = "<group>"; };
		F8302B15296F5EFB003EC291 /* NRTestAppUITests.xctest */ = {isa = PBXFileReference; explicitFileType = wrapper.cfbundle; includeInIndex = 0; path = NRTestAppUITests.xctest; sourceTree = BUILT_PRODUCTS_DIR; };
		F8302B19296F5EFB003EC291 /* NRTestAppUITests.swift */ = {isa = PBXFileReference; lastKnownFileType = sourcecode.swift; path = NRTestAppUITests.swift; sourceTree = "<group>"; };
		F8302B1B296F5EFB003EC291 /* NRTestAppUITestsLaunchTests.swift */ = {isa = PBXFileReference; lastKnownFileType = sourcecode.swift; path = NRTestAppUITestsLaunchTests.swift; sourceTree = "<group>"; };
		F8302B5229705766003EC291 /* Agent.xcodeproj */ = {isa = PBXFileReference; lastKnownFileType = "wrapper.pb-project"; name = Agent.xcodeproj; path = ../../Agent.xcodeproj; sourceTree = "<group>"; };
		F8302B8529707695003EC291 /* ViewControllerProvider.swift */ = {isa = PBXFileReference; lastKnownFileType = sourcecode.swift; path = ViewControllerProvider.swift; sourceTree = "<group>"; };
		F8302B88297076E9003EC291 /* Coordinator.swift */ = {isa = PBXFileReference; lastKnownFileType = sourcecode.swift; path = Coordinator.swift; sourceTree = "<group>"; };
		F8302B8A297076F9003EC291 /* MainCoordinator.swift */ = {isa = PBXFileReference; lastKnownFileType = sourcecode.swift; path = MainCoordinator.swift; sourceTree = "<group>"; };
		F8302B8D297078EA003EC291 /* ApodViewModel.swift */ = {isa = PBXFileReference; lastKnownFileType = sourcecode.swift; path = ApodViewModel.swift; sourceTree = "<group>"; };
		F8302B9029707BCC003EC291 /* ApodService.swift */ = {isa = PBXFileReference; lastKnownFileType = sourcecode.swift; path = ApodService.swift; sourceTree = "<group>"; };
		F8302B9329708027003EC291 /* ApodResult.swift */ = {isa = PBXFileReference; lastKnownFileType = sourcecode.swift; path = ApodResult.swift; sourceTree = "<group>"; };
		F8302B95297093FF003EC291 /* Variable.swift */ = {isa = PBXFileReference; lastKnownFileType = sourcecode.swift; path = Variable.swift; sourceTree = "<group>"; };
		F8302B982970ADC1003EC291 /* UIImageView.swift */ = {isa = PBXFileReference; lastKnownFileType = sourcecode.swift; path = UIImageView.swift; sourceTree = "<group>"; };
		F8302B9A2970B29D003EC291 /* Date.swift */ = {isa = PBXFileReference; lastKnownFileType = sourcecode.swift; path = Date.swift; sourceTree = "<group>"; };
		F8302B9C2970B3E0003EC291 /* ApodURL.swift */ = {isa = PBXFileReference; lastKnownFileType = sourcecode.swift; path = ApodURL.swift; sourceTree = "<group>"; };
		F86428402971BD5B002ABA01 /* UtilitiesViewController.swift */ = {isa = PBXFileReference; lastKnownFileType = sourcecode.swift; path = UtilitiesViewController.swift; sourceTree = "<group>"; };
		F86428472971C661002ABA01 /* UtilViewModel.swift */ = {isa = PBXFileReference; lastKnownFileType = sourcecode.swift; path = UtilViewModel.swift; sourceTree = "<group>"; };
		F864284A2971DFA4002ABA01 /* NRTestApp-Bridging-Header.h */ = {isa = PBXFileReference; lastKnownFileType = sourcecode.c.h; path = "NRTestApp-Bridging-Header.h"; sourceTree = "<group>"; };
		F864284B2971DFA5002ABA01 /* triggerException.m */ = {isa = PBXFileReference; lastKnownFileType = sourcecode.c.objc; path = triggerException.m; sourceTree = "<group>"; };
		F864284D2971DFC9002ABA01 /* triggerException.h */ = {isa = PBXFileReference; lastKnownFileType = sourcecode.c.h; path = triggerException.h; sourceTree = "<group>"; };
		F864284E2971E254002ABA01 /* WebViewController.swift */ = {isa = PBXFileReference; lastKnownFileType = sourcecode.swift; path = WebViewController.swift; sourceTree = "<group>"; };
		F864286029774E2D002ABA01 /* NRAPIInfo.plist */ = {isa = PBXFileReference; lastKnownFileType = text.plist.xml; path = NRAPIInfo.plist; sourceTree = "<group>"; };
		F864286229775023002ABA01 /* plistHelper.swift */ = {isa = PBXFileReference; lastKnownFileType = sourcecode.swift; path = plistHelper.swift; sourceTree = "<group>"; };
/* End PBXFileReference section */

/* Begin PBXFrameworksBuildPhase section */
		F8302AF2296F5EFA003EC291 /* Frameworks */ = {
			isa = PBXFrameworksBuildPhase;
			buildActionMask = 2147483647;
			files = (
				F8302B8229705B28003EC291 /* NewRelic.framework in Frameworks */,
			);
			runOnlyForDeploymentPostprocessing = 0;
		};
		F8302B08296F5EFB003EC291 /* Frameworks */ = {
			isa = PBXFrameworksBuildPhase;
			buildActionMask = 2147483647;
			files = (
			);
			runOnlyForDeploymentPostprocessing = 0;
		};
		F8302B12296F5EFB003EC291 /* Frameworks */ = {
			isa = PBXFrameworksBuildPhase;
			buildActionMask = 2147483647;
			files = (
			);
			runOnlyForDeploymentPostprocessing = 0;
		};
/* End PBXFrameworksBuildPhase section */

/* Begin PBXGroup section */
		F8302AEC296F5EFA003EC291 = {
			isa = PBXGroup;
			children = (
				F8302B5229705766003EC291 /* Agent.xcodeproj */,
				F8302AF7296F5EFA003EC291 /* NRTestApp */,
				F8302B0E296F5EFB003EC291 /* NRTestAppTests */,
				F8302B18296F5EFB003EC291 /* NRTestAppUITests */,
				F8302AF6296F5EFA003EC291 /* Products */,
				F8302B8129705B28003EC291 /* Frameworks */,
			);
			sourceTree = "<group>";
		};
		F8302AF6296F5EFA003EC291 /* Products */ = {
			isa = PBXGroup;
			children = (
				F8302AF5296F5EFA003EC291 /* NRTestApp.app */,
				F8302B0B296F5EFB003EC291 /* NRTestAppTests.xctest */,
				F8302B15296F5EFB003EC291 /* NRTestAppUITests.xctest */,
			);
			name = Products;
			sourceTree = "<group>";
		};
		F8302AF7296F5EFA003EC291 /* NRTestApp */ = {
			isa = PBXGroup;
			children = (
				F86428492971DF80002ABA01 /* Helpers */,
				F8302AF8296F5EFA003EC291 /* AppDelegate.swift */,
				F8302B872970769E003EC291 /* Navigation */,
				F8302B8C29707828003EC291 /* ViewControllers */,
				F8302B8F297078F2003EC291 /* ViewModels */,
				F8302AFE296F5EFA003EC291 /* Main.storyboard */,
				F8302B01296F5EFB003EC291 /* Assets.xcassets */,
				F8302B03296F5EFB003EC291 /* LaunchScreen.storyboard */,
				F8302B06296F5EFB003EC291 /* Info.plist */,
				F864286029774E2D002ABA01 /* NRAPIInfo.plist */,
			);
			path = NRTestApp;
			sourceTree = "<group>";
		};
		F8302B0E296F5EFB003EC291 /* NRTestAppTests */ = {
			isa = PBXGroup;
			children = (
				F8302B0F296F5EFB003EC291 /* NRTestAppTests.swift */,
			);
			path = NRTestAppTests;
			sourceTree = "<group>";
		};
		F8302B18296F5EFB003EC291 /* NRTestAppUITests */ = {
			isa = PBXGroup;
			children = (
				F8302B19296F5EFB003EC291 /* NRTestAppUITests.swift */,
				F8302B1B296F5EFB003EC291 /* NRTestAppUITestsLaunchTests.swift */,
			);
			path = NRTestAppUITests;
			sourceTree = "<group>";
		};
		F8302B5329705766003EC291 /* Products */ = {
			isa = PBXGroup;
			children = (
				F8302B6229705766003EC291 /* NewRelic.framework */,
				F8302B6429705766003EC291 /* NewRelic.framework */,
				F8302B6629705766003EC291 /* Agent_Tests.xctest */,
				F8302B6829705766003EC291 /* Agent_tvos_Tests.xctest */,
				F8302B6A29705766003EC291 /* Stress Tests.xctest */,
			);
			name = Products;
			sourceTree = "<group>";
		};
		F8302B8129705B28003EC291 /* Frameworks */ = {
			isa = PBXGroup;
			children = (
			);
			name = Frameworks;
			sourceTree = "<group>";
		};
		F8302B872970769E003EC291 /* Navigation */ = {
			isa = PBXGroup;
			children = (
				F8302AFA296F5EFA003EC291 /* SceneDelegate.swift */,
				F8302B8529707695003EC291 /* ViewControllerProvider.swift */,
				F8302B88297076E9003EC291 /* Coordinator.swift */,
				F8302B8A297076F9003EC291 /* MainCoordinator.swift */,
			);
			path = Navigation;
			sourceTree = "<group>";
		};
		F8302B8C29707828003EC291 /* ViewControllers */ = {
			isa = PBXGroup;
			children = (
				F8302AFC296F5EFA003EC291 /* ViewController.swift */,
				F86428402971BD5B002ABA01 /* UtilitiesViewController.swift */,
				F864284E2971E254002ABA01 /* WebViewController.swift */,
			);
			path = ViewControllers;
			sourceTree = "<group>";
		};
		F8302B8F297078F2003EC291 /* ViewModels */ = {
			isa = PBXGroup;
			children = (
				F8302B8D297078EA003EC291 /* ApodViewModel.swift */,
				F86428472971C661002ABA01 /* UtilViewModel.swift */,
				F86428502971EE89002ABA01 /* Services */,
				F8302B922970800F003EC291 /* Models */,
			);
			path = ViewModels;
			sourceTree = "<group>";
		};
		F8302B922970800F003EC291 /* Models */ = {
			isa = PBXGroup;
			children = (
				F8302B9329708027003EC291 /* ApodResult.swift */,
			);
			path = Models;
			sourceTree = "<group>";
		};
		F8302B972970ADA7003EC291 /* Extensions */ = {
			isa = PBXGroup;
			children = (
				F8302B982970ADC1003EC291 /* UIImageView.swift */,
				F8302B9A2970B29D003EC291 /* Date.swift */,
			);
			path = Extensions;
			sourceTree = "<group>";
		};
		F86428492971DF80002ABA01 /* Helpers */ = {
			isa = PBXGroup;
			children = (
				F8302B972970ADA7003EC291 /* Extensions */,
				F8302B95297093FF003EC291 /* Variable.swift */,
				F8302B9C2970B3E0003EC291 /* ApodURL.swift */,
				F864286229775023002ABA01 /* plistHelper.swift */,
				F864284B2971DFA5002ABA01 /* triggerException.m */,
				F864284D2971DFC9002ABA01 /* triggerException.h */,
				F864284A2971DFA4002ABA01 /* NRTestApp-Bridging-Header.h */,
			);
			path = Helpers;
			sourceTree = "<group>";
		};
		F86428502971EE89002ABA01 /* Services */ = {
			isa = PBXGroup;
			children = (
				F8302B9029707BCC003EC291 /* ApodService.swift */,
			);
			path = Services;
			sourceTree = "<group>";
		};
/* End PBXGroup section */

/* Begin PBXNativeTarget section */
		F8302AF4296F5EFA003EC291 /* NRTestApp */ = {
			isa = PBXNativeTarget;
			buildConfigurationList = F8302B1F296F5EFB003EC291 /* Build configuration list for PBXNativeTarget "NRTestApp" */;
			buildPhases = (
				F8302AF1296F5EFA003EC291 /* Sources */,
				F8302AF2296F5EFA003EC291 /* Frameworks */,
				F8302AF3296F5EFA003EC291 /* Resources */,
				F8302B8429705B29003EC291 /* Embed Frameworks */,
				F8302B7A297057F9003EC291 /* Run New Relic dSYM Upload Tool */,
			);
			buildRules = (
			);
			dependencies = (
			);
			name = NRTestApp;
			productName = NRTestApp;
			productReference = F8302AF5296F5EFA003EC291 /* NRTestApp.app */;
			productType = "com.apple.product-type.application";
		};
		F8302B0A296F5EFB003EC291 /* NRTestAppTests */ = {
			isa = PBXNativeTarget;
			buildConfigurationList = F8302B22296F5EFB003EC291 /* Build configuration list for PBXNativeTarget "NRTestAppTests" */;
			buildPhases = (
				F8302B07296F5EFB003EC291 /* Sources */,
				F8302B08296F5EFB003EC291 /* Frameworks */,
				F8302B09296F5EFB003EC291 /* Resources */,
			);
			buildRules = (
			);
			dependencies = (
				F8302B0D296F5EFB003EC291 /* PBXTargetDependency */,
			);
			name = NRTestAppTests;
			productName = NRTestAppTests;
			productReference = F8302B0B296F5EFB003EC291 /* NRTestAppTests.xctest */;
			productType = "com.apple.product-type.bundle.unit-test";
		};
		F8302B14296F5EFB003EC291 /* NRTestAppUITests */ = {
			isa = PBXNativeTarget;
			buildConfigurationList = F8302B25296F5EFB003EC291 /* Build configuration list for PBXNativeTarget "NRTestAppUITests" */;
			buildPhases = (
				F8302B11296F5EFB003EC291 /* Sources */,
				F8302B12296F5EFB003EC291 /* Frameworks */,
				F8302B13296F5EFB003EC291 /* Resources */,
			);
			buildRules = (
			);
			dependencies = (
				F8302B17296F5EFB003EC291 /* PBXTargetDependency */,
			);
			name = NRTestAppUITests;
			productName = NRTestAppUITests;
			productReference = F8302B15296F5EFB003EC291 /* NRTestAppUITests.xctest */;
			productType = "com.apple.product-type.bundle.ui-testing";
		};
/* End PBXNativeTarget section */

/* Begin PBXProject section */
		F8302AED296F5EFA003EC291 /* Project object */ = {
			isa = PBXProject;
			attributes = {
				BuildIndependentTargetsInParallel = 1;
				LastSwiftUpdateCheck = 1420;
				LastUpgradeCheck = 1420;
				TargetAttributes = {
					F8302AF4296F5EFA003EC291 = {
						CreatedOnToolsVersion = 14.2;
						LastSwiftMigration = 1420;
					};
					F8302B0A296F5EFB003EC291 = {
						CreatedOnToolsVersion = 14.2;
						TestTargetID = F8302AF4296F5EFA003EC291;
					};
					F8302B14296F5EFB003EC291 = {
						CreatedOnToolsVersion = 14.2;
						TestTargetID = F8302AF4296F5EFA003EC291;
					};
				};
			};
			buildConfigurationList = F8302AF0296F5EFA003EC291 /* Build configuration list for PBXProject "NRTestApp" */;
			compatibilityVersion = "Xcode 14.0";
			developmentRegion = en;
			hasScannedForEncodings = 0;
			knownRegions = (
				en,
				Base,
			);
			mainGroup = F8302AEC296F5EFA003EC291;
			productRefGroup = F8302AF6296F5EFA003EC291 /* Products */;
			projectDirPath = "";
			projectReferences = (
				{
					ProductGroup = F8302B5329705766003EC291 /* Products */;
					ProjectRef = F8302B5229705766003EC291 /* Agent.xcodeproj */;
				},
			);
			projectRoot = "";
			targets = (
				F8302AF4296F5EFA003EC291 /* NRTestApp */,
				F8302B0A296F5EFB003EC291 /* NRTestAppTests */,
				F8302B14296F5EFB003EC291 /* NRTestAppUITests */,
			);
		};
/* End PBXProject section */

/* Begin PBXReferenceProxy section */
		F8302B6229705766003EC291 /* NewRelic.framework */ = {
			isa = PBXReferenceProxy;
			fileType = wrapper.framework;
			path = NewRelic.framework;
			remoteRef = F8302B6129705766003EC291 /* PBXContainerItemProxy */;
			sourceTree = BUILT_PRODUCTS_DIR;
		};
		F8302B6429705766003EC291 /* NewRelic.framework */ = {
			isa = PBXReferenceProxy;
			fileType = wrapper.framework;
			path = NewRelic.framework;
			remoteRef = F8302B6329705766003EC291 /* PBXContainerItemProxy */;
			sourceTree = BUILT_PRODUCTS_DIR;
		};
		F8302B6629705766003EC291 /* Agent_Tests.xctest */ = {
			isa = PBXReferenceProxy;
			fileType = wrapper.cfbundle;
			path = Agent_Tests.xctest;
			remoteRef = F8302B6529705766003EC291 /* PBXContainerItemProxy */;
			sourceTree = BUILT_PRODUCTS_DIR;
		};
		F8302B6829705766003EC291 /* Agent_tvos_Tests.xctest */ = {
			isa = PBXReferenceProxy;
			fileType = wrapper.cfbundle;
			path = Agent_tvos_Tests.xctest;
			remoteRef = F8302B6729705766003EC291 /* PBXContainerItemProxy */;
			sourceTree = BUILT_PRODUCTS_DIR;
		};
		F8302B6A29705766003EC291 /* Stress Tests.xctest */ = {
			isa = PBXReferenceProxy;
			fileType = wrapper.cfbundle;
			path = "Stress Tests.xctest";
			remoteRef = F8302B6929705766003EC291 /* PBXContainerItemProxy */;
			sourceTree = BUILT_PRODUCTS_DIR;
		};
/* End PBXReferenceProxy section */

/* Begin PBXResourcesBuildPhase section */
		F8302AF3296F5EFA003EC291 /* Resources */ = {
			isa = PBXResourcesBuildPhase;
			buildActionMask = 2147483647;
			files = (
				F8302B05296F5EFB003EC291 /* LaunchScreen.storyboard in Resources */,
				F8302B02296F5EFB003EC291 /* Assets.xcassets in Resources */,
				F8302B00296F5EFA003EC291 /* Main.storyboard in Resources */,
				F864286129774E2D002ABA01 /* NRAPIInfo.plist in Resources */,
			);
			runOnlyForDeploymentPostprocessing = 0;
		};
		F8302B09296F5EFB003EC291 /* Resources */ = {
			isa = PBXResourcesBuildPhase;
			buildActionMask = 2147483647;
			files = (
			);
			runOnlyForDeploymentPostprocessing = 0;
		};
		F8302B13296F5EFB003EC291 /* Resources */ = {
			isa = PBXResourcesBuildPhase;
			buildActionMask = 2147483647;
			files = (
			);
			runOnlyForDeploymentPostprocessing = 0;
		};
/* End PBXResourcesBuildPhase section */

/* Begin PBXShellScriptBuildPhase section */
		F8302B7A297057F9003EC291 /* Run New Relic dSYM Upload Tool */ = {
			isa = PBXShellScriptBuildPhase;
			alwaysOutOfDate = 1;
			buildActionMask = 2147483647;
			files = (
			);
			inputFileListPaths = (
			);
			inputPaths = (
			);
			name = "Run New Relic dSYM Upload Tool";
			outputFileListPaths = (
			);
			outputPaths = (
			);
			runOnlyForDeploymentPostprocessing = 0;
			shellPath = /bin/sh;
			shellScript = "#\"${BUILD_DIR%/Build/*}/SourcePackages/artifacts/newrelic-ios-agent-spm/NewRelic.xcframework/Resources/run-symbol-tool\" \"APP_TOKEN\"\n";
		};
/* End PBXShellScriptBuildPhase section */

/* Begin PBXSourcesBuildPhase section */
		F8302AF1296F5EFA003EC291 /* Sources */ = {
			isa = PBXSourcesBuildPhase;
			buildActionMask = 2147483647;
			files = (
				F864284C2971DFA5002ABA01 /* triggerException.m in Sources */,
				F86428482971C661002ABA01 /* UtilViewModel.swift in Sources */,
				F8302AFD296F5EFA003EC291 /* ViewController.swift in Sources */,
				F8302B9129707BCC003EC291 /* ApodService.swift in Sources */,
				F8302B8B297076F9003EC291 /* MainCoordinator.swift in Sources */,
				F8302B8629707695003EC291 /* ViewControllerProvider.swift in Sources */,
				F8302B9429708027003EC291 /* ApodResult.swift in Sources */,
				F8302B89297076E9003EC291 /* Coordinator.swift in Sources */,
				F864286329775023002ABA01 /* plistHelper.swift in Sources */,
				F8302B992970ADC1003EC291 /* UIImageView.swift in Sources */,
				F8302B9B2970B29D003EC291 /* Date.swift in Sources */,
				F8302B9D2970B3E0003EC291 /* ApodURL.swift in Sources */,
				F86428412971BD5B002ABA01 /* UtilitiesViewController.swift in Sources */,
				F864284F2971E254002ABA01 /* WebViewController.swift in Sources */,
				F8302AF9296F5EFA003EC291 /* AppDelegate.swift in Sources */,
				F8302B8E297078EA003EC291 /* ApodViewModel.swift in Sources */,
				F8302AFB296F5EFA003EC291 /* SceneDelegate.swift in Sources */,
				F8302B96297093FF003EC291 /* Variable.swift in Sources */,
			);
			runOnlyForDeploymentPostprocessing = 0;
		};
		F8302B07296F5EFB003EC291 /* Sources */ = {
			isa = PBXSourcesBuildPhase;
			buildActionMask = 2147483647;
			files = (
				F8302B10296F5EFB003EC291 /* NRTestAppTests.swift in Sources */,
			);
			runOnlyForDeploymentPostprocessing = 0;
		};
		F8302B11296F5EFB003EC291 /* Sources */ = {
			isa = PBXSourcesBuildPhase;
			buildActionMask = 2147483647;
			files = (
				F8302B1C296F5EFB003EC291 /* NRTestAppUITestsLaunchTests.swift in Sources */,
				F8302B1A296F5EFB003EC291 /* NRTestAppUITests.swift in Sources */,
			);
			runOnlyForDeploymentPostprocessing = 0;
		};
/* End PBXSourcesBuildPhase section */

/* Begin PBXTargetDependency section */
		F8302B0D296F5EFB003EC291 /* PBXTargetDependency */ = {
			isa = PBXTargetDependency;
			target = F8302AF4296F5EFA003EC291 /* NRTestApp */;
			targetProxy = F8302B0C296F5EFB003EC291 /* PBXContainerItemProxy */;
		};
		F8302B17296F5EFB003EC291 /* PBXTargetDependency */ = {
			isa = PBXTargetDependency;
			target = F8302AF4296F5EFA003EC291 /* NRTestApp */;
			targetProxy = F8302B16296F5EFB003EC291 /* PBXContainerItemProxy */;
		};
/* End PBXTargetDependency section */

/* Begin PBXVariantGroup section */
		F8302AFE296F5EFA003EC291 /* Main.storyboard */ = {
			isa = PBXVariantGroup;
			children = (
				F8302AFF296F5EFA003EC291 /* Base */,
			);
			name = Main.storyboard;
			sourceTree = "<group>";
		};
		F8302B03296F5EFB003EC291 /* LaunchScreen.storyboard */ = {
			isa = PBXVariantGroup;
			children = (
				F8302B04296F5EFB003EC291 /* Base */,
			);
			name = LaunchScreen.storyboard;
			sourceTree = "<group>";
		};
/* End PBXVariantGroup section */

/* Begin XCBuildConfiguration section */
		F8302B1D296F5EFB003EC291 /* Debug */ = {
			isa = XCBuildConfiguration;
			buildSettings = {
				ALWAYS_SEARCH_USER_PATHS = NO;
				CLANG_ANALYZER_NONNULL = YES;
				CLANG_ANALYZER_NUMBER_OBJECT_CONVERSION = YES_AGGRESSIVE;
				CLANG_CXX_LANGUAGE_STANDARD = "gnu++20";
				CLANG_ENABLE_MODULES = YES;
				CLANG_ENABLE_OBJC_ARC = YES;
				CLANG_ENABLE_OBJC_WEAK = YES;
				CLANG_WARN_BLOCK_CAPTURE_AUTORELEASING = YES;
				CLANG_WARN_BOOL_CONVERSION = YES;
				CLANG_WARN_COMMA = YES;
				CLANG_WARN_CONSTANT_CONVERSION = YES;
				CLANG_WARN_DEPRECATED_OBJC_IMPLEMENTATIONS = YES;
				CLANG_WARN_DIRECT_OBJC_ISA_USAGE = YES_ERROR;
				CLANG_WARN_DOCUMENTATION_COMMENTS = YES;
				CLANG_WARN_EMPTY_BODY = YES;
				CLANG_WARN_ENUM_CONVERSION = YES;
				CLANG_WARN_INFINITE_RECURSION = YES;
				CLANG_WARN_INT_CONVERSION = YES;
				CLANG_WARN_NON_LITERAL_NULL_CONVERSION = YES;
				CLANG_WARN_OBJC_IMPLICIT_RETAIN_SELF = YES;
				CLANG_WARN_OBJC_LITERAL_CONVERSION = YES;
				CLANG_WARN_OBJC_ROOT_CLASS = YES_ERROR;
				CLANG_WARN_QUOTED_INCLUDE_IN_FRAMEWORK_HEADER = YES;
				CLANG_WARN_RANGE_LOOP_ANALYSIS = YES;
				CLANG_WARN_STRICT_PROTOTYPES = YES;
				CLANG_WARN_SUSPICIOUS_MOVE = YES;
				CLANG_WARN_UNGUARDED_AVAILABILITY = YES_AGGRESSIVE;
				CLANG_WARN_UNREACHABLE_CODE = YES;
				CLANG_WARN__DUPLICATE_METHOD_MATCH = YES;
				COPY_PHASE_STRIP = NO;
				DEBUG_INFORMATION_FORMAT = dwarf;
				ENABLE_STRICT_OBJC_MSGSEND = YES;
				ENABLE_TESTABILITY = YES;
				GCC_C_LANGUAGE_STANDARD = gnu11;
				GCC_DYNAMIC_NO_PIC = NO;
				GCC_NO_COMMON_BLOCKS = YES;
				GCC_OPTIMIZATION_LEVEL = 0;
				GCC_PREPROCESSOR_DEFINITIONS = (
					"DEBUG=1",
					"$(inherited)",
				);
				GCC_WARN_64_TO_32_BIT_CONVERSION = YES;
				GCC_WARN_ABOUT_RETURN_TYPE = YES_ERROR;
				GCC_WARN_UNDECLARED_SELECTOR = YES;
				GCC_WARN_UNINITIALIZED_AUTOS = YES_AGGRESSIVE;
				GCC_WARN_UNUSED_FUNCTION = YES;
				GCC_WARN_UNUSED_VARIABLE = YES;
				IPHONEOS_DEPLOYMENT_TARGET = 16.2;
				MTL_ENABLE_DEBUG_INFO = INCLUDE_SOURCE;
				MTL_FAST_MATH = YES;
				ONLY_ACTIVE_ARCH = YES;
				SDKROOT = iphoneos;
				SWIFT_ACTIVE_COMPILATION_CONDITIONS = DEBUG;
				SWIFT_OPTIMIZATION_LEVEL = "-Onone";
			};
			name = Debug;
		};
		F8302B1E296F5EFB003EC291 /* Release */ = {
			isa = XCBuildConfiguration;
			buildSettings = {
				ALWAYS_SEARCH_USER_PATHS = NO;
				CLANG_ANALYZER_NONNULL = YES;
				CLANG_ANALYZER_NUMBER_OBJECT_CONVERSION = YES_AGGRESSIVE;
				CLANG_CXX_LANGUAGE_STANDARD = "gnu++20";
				CLANG_ENABLE_MODULES = YES;
				CLANG_ENABLE_OBJC_ARC = YES;
				CLANG_ENABLE_OBJC_WEAK = YES;
				CLANG_WARN_BLOCK_CAPTURE_AUTORELEASING = YES;
				CLANG_WARN_BOOL_CONVERSION = YES;
				CLANG_WARN_COMMA = YES;
				CLANG_WARN_CONSTANT_CONVERSION = YES;
				CLANG_WARN_DEPRECATED_OBJC_IMPLEMENTATIONS = YES;
				CLANG_WARN_DIRECT_OBJC_ISA_USAGE = YES_ERROR;
				CLANG_WARN_DOCUMENTATION_COMMENTS = YES;
				CLANG_WARN_EMPTY_BODY = YES;
				CLANG_WARN_ENUM_CONVERSION = YES;
				CLANG_WARN_INFINITE_RECURSION = YES;
				CLANG_WARN_INT_CONVERSION = YES;
				CLANG_WARN_NON_LITERAL_NULL_CONVERSION = YES;
				CLANG_WARN_OBJC_IMPLICIT_RETAIN_SELF = YES;
				CLANG_WARN_OBJC_LITERAL_CONVERSION = YES;
				CLANG_WARN_OBJC_ROOT_CLASS = YES_ERROR;
				CLANG_WARN_QUOTED_INCLUDE_IN_FRAMEWORK_HEADER = YES;
				CLANG_WARN_RANGE_LOOP_ANALYSIS = YES;
				CLANG_WARN_STRICT_PROTOTYPES = YES;
				CLANG_WARN_SUSPICIOUS_MOVE = YES;
				CLANG_WARN_UNGUARDED_AVAILABILITY = YES_AGGRESSIVE;
				CLANG_WARN_UNREACHABLE_CODE = YES;
				CLANG_WARN__DUPLICATE_METHOD_MATCH = YES;
				COPY_PHASE_STRIP = NO;
				DEBUG_INFORMATION_FORMAT = "dwarf-with-dsym";
				ENABLE_NS_ASSERTIONS = NO;
				ENABLE_STRICT_OBJC_MSGSEND = YES;
				GCC_C_LANGUAGE_STANDARD = gnu11;
				GCC_NO_COMMON_BLOCKS = YES;
				GCC_WARN_64_TO_32_BIT_CONVERSION = YES;
				GCC_WARN_ABOUT_RETURN_TYPE = YES_ERROR;
				GCC_WARN_UNDECLARED_SELECTOR = YES;
				GCC_WARN_UNINITIALIZED_AUTOS = YES_AGGRESSIVE;
				GCC_WARN_UNUSED_FUNCTION = YES;
				GCC_WARN_UNUSED_VARIABLE = YES;
				IPHONEOS_DEPLOYMENT_TARGET = 16.2;
				MTL_ENABLE_DEBUG_INFO = NO;
				MTL_FAST_MATH = YES;
				SDKROOT = iphoneos;
				SWIFT_COMPILATION_MODE = wholemodule;
				SWIFT_OPTIMIZATION_LEVEL = "-O";
				VALIDATE_PRODUCT = YES;
			};
			name = Release;
		};
		F8302B20296F5EFB003EC291 /* Debug */ = {
			isa = XCBuildConfiguration;
			buildSettings = {
				ASSETCATALOG_COMPILER_APPICON_NAME = AppIcon;
				ASSETCATALOG_COMPILER_GLOBAL_ACCENT_COLOR_NAME = AccentColor;
				CLANG_ENABLE_MODULES = YES;
				CODE_SIGN_STYLE = Automatic;
				CURRENT_PROJECT_VERSION = 1;
				DEVELOPMENT_TEAM = SU7SUNGZJP;
				GENERATE_INFOPLIST_FILE = YES;
				INFOPLIST_FILE = NRTestApp/Info.plist;
				INFOPLIST_KEY_UIApplicationSupportsIndirectInputEvents = YES;
				INFOPLIST_KEY_UILaunchStoryboardName = LaunchScreen;
				INFOPLIST_KEY_UIMainStoryboardFile = Main;
				INFOPLIST_KEY_UISupportedInterfaceOrientations = UIInterfaceOrientationPortrait;
				INFOPLIST_KEY_UISupportedInterfaceOrientations_iPad = "UIInterfaceOrientationLandscapeLeft UIInterfaceOrientationLandscapeRight UIInterfaceOrientationPortrait UIInterfaceOrientationPortraitUpsideDown";
				IPHONEOS_DEPLOYMENT_TARGET = 13.0;
				LD_RUNPATH_SEARCH_PATHS = (
					"$(inherited)",
					"@executable_path/Frameworks",
				);
				MARKETING_VERSION = 1.0;
				PRODUCT_BUNDLE_IDENTIFIER = mbruin.newrelic.NRTestApp;
				PRODUCT_NAME = "$(TARGET_NAME)";
				SWIFT_EMIT_LOC_STRINGS = YES;
				SWIFT_OBJC_BRIDGING_HEADER = "NRTestApp/Helpers/NRTestApp-Bridging-Header.h";
				SWIFT_OPTIMIZATION_LEVEL = "-Onone";
				SWIFT_VERSION = 5.0;
				TARGETED_DEVICE_FAMILY = "1,2";
			};
			name = Debug;
		};
		F8302B21296F5EFB003EC291 /* Release */ = {
			isa = XCBuildConfiguration;
			buildSettings = {
				ASSETCATALOG_COMPILER_APPICON_NAME = AppIcon;
				ASSETCATALOG_COMPILER_GLOBAL_ACCENT_COLOR_NAME = AccentColor;
				CLANG_ENABLE_MODULES = YES;
				CODE_SIGN_STYLE = Automatic;
				CURRENT_PROJECT_VERSION = 1;
				DEVELOPMENT_TEAM = SU7SUNGZJP;
				GENERATE_INFOPLIST_FILE = YES;
				INFOPLIST_FILE = NRTestApp/Info.plist;
				INFOPLIST_KEY_UIApplicationSupportsIndirectInputEvents = YES;
				INFOPLIST_KEY_UILaunchStoryboardName = LaunchScreen;
				INFOPLIST_KEY_UIMainStoryboardFile = Main;
				INFOPLIST_KEY_UISupportedInterfaceOrientations = UIInterfaceOrientationPortrait;
				INFOPLIST_KEY_UISupportedInterfaceOrientations_iPad = "UIInterfaceOrientationLandscapeLeft UIInterfaceOrientationLandscapeRight UIInterfaceOrientationPortrait UIInterfaceOrientationPortraitUpsideDown";
				IPHONEOS_DEPLOYMENT_TARGET = 13.0;
				LD_RUNPATH_SEARCH_PATHS = (
					"$(inherited)",
					"@executable_path/Frameworks",
				);
				MARKETING_VERSION = 1.0;
				PRODUCT_BUNDLE_IDENTIFIER = mbruin.newrelic.NRTestApp;
				PRODUCT_NAME = "$(TARGET_NAME)";
				SWIFT_EMIT_LOC_STRINGS = YES;
				SWIFT_OBJC_BRIDGING_HEADER = "NRTestApp/Helpers/NRTestApp-Bridging-Header.h";
				SWIFT_VERSION = 5.0;
				TARGETED_DEVICE_FAMILY = "1,2";
			};
			name = Release;
		};
		F8302B23296F5EFB003EC291 /* Debug */ = {
			isa = XCBuildConfiguration;
			buildSettings = {
				ALWAYS_EMBED_SWIFT_STANDARD_LIBRARIES = YES;
				BUNDLE_LOADER = "$(TEST_HOST)";
				CODE_SIGN_STYLE = Automatic;
				CURRENT_PROJECT_VERSION = 1;
				DEVELOPMENT_TEAM = SU7SUNGZJP;
				GENERATE_INFOPLIST_FILE = YES;
				IPHONEOS_DEPLOYMENT_TARGET = 16.2;
				MARKETING_VERSION = 1.0;
				PRODUCT_BUNDLE_IDENTIFIER = mbruin.newrelic.NRTestAppTests;
				PRODUCT_NAME = "$(TARGET_NAME)";
				SWIFT_EMIT_LOC_STRINGS = NO;
				SWIFT_VERSION = 5.0;
				TARGETED_DEVICE_FAMILY = "1,2";
				TEST_HOST = "$(BUILT_PRODUCTS_DIR)/NRTestApp.app/$(BUNDLE_EXECUTABLE_FOLDER_PATH)/NRTestApp";
			};
			name = Debug;
		};
		F8302B24296F5EFB003EC291 /* Release */ = {
			isa = XCBuildConfiguration;
			buildSettings = {
				ALWAYS_EMBED_SWIFT_STANDARD_LIBRARIES = YES;
				BUNDLE_LOADER = "$(TEST_HOST)";
				CODE_SIGN_STYLE = Automatic;
				CURRENT_PROJECT_VERSION = 1;
				DEVELOPMENT_TEAM = SU7SUNGZJP;
				GENERATE_INFOPLIST_FILE = YES;
				IPHONEOS_DEPLOYMENT_TARGET = 16.2;
				MARKETING_VERSION = 1.0;
				PRODUCT_BUNDLE_IDENTIFIER = mbruin.newrelic.NRTestAppTests;
				PRODUCT_NAME = "$(TARGET_NAME)";
				SWIFT_EMIT_LOC_STRINGS = NO;
				SWIFT_VERSION = 5.0;
				TARGETED_DEVICE_FAMILY = "1,2";
				TEST_HOST = "$(BUILT_PRODUCTS_DIR)/NRTestApp.app/$(BUNDLE_EXECUTABLE_FOLDER_PATH)/NRTestApp";
			};
			name = Release;
		};
		F8302B26296F5EFB003EC291 /* Debug */ = {
			isa = XCBuildConfiguration;
			buildSettings = {
				ALWAYS_EMBED_SWIFT_STANDARD_LIBRARIES = YES;
				CODE_SIGN_STYLE = Automatic;
				CURRENT_PROJECT_VERSION = 1;
				DEVELOPMENT_TEAM = SU7SUNGZJP;
				GENERATE_INFOPLIST_FILE = YES;
				MARKETING_VERSION = 1.0;
				PRODUCT_BUNDLE_IDENTIFIER = mbruin.newrelic.NRTestAppUITests;
				PRODUCT_NAME = "$(TARGET_NAME)";
				SWIFT_EMIT_LOC_STRINGS = NO;
				SWIFT_VERSION = 5.0;
				TARGETED_DEVICE_FAMILY = "1,2";
				TEST_TARGET_NAME = NRTestApp;
			};
			name = Debug;
		};
		F8302B27296F5EFB003EC291 /* Release */ = {
			isa = XCBuildConfiguration;
			buildSettings = {
				ALWAYS_EMBED_SWIFT_STANDARD_LIBRARIES = YES;
				CODE_SIGN_STYLE = Automatic;
				CURRENT_PROJECT_VERSION = 1;
				DEVELOPMENT_TEAM = SU7SUNGZJP;
				GENERATE_INFOPLIST_FILE = YES;
				MARKETING_VERSION = 1.0;
				PRODUCT_BUNDLE_IDENTIFIER = mbruin.newrelic.NRTestAppUITests;
				PRODUCT_NAME = "$(TARGET_NAME)";
				SWIFT_EMIT_LOC_STRINGS = NO;
				SWIFT_VERSION = 5.0;
				TARGETED_DEVICE_FAMILY = "1,2";
				TEST_TARGET_NAME = NRTestApp;
			};
			name = Release;
		};
/* End XCBuildConfiguration section */

/* Begin XCConfigurationList section */
		F8302AF0296F5EFA003EC291 /* Build configuration list for PBXProject "NRTestApp" */ = {
			isa = XCConfigurationList;
			buildConfigurations = (
				F8302B1D296F5EFB003EC291 /* Debug */,
				F8302B1E296F5EFB003EC291 /* Release */,
			);
			defaultConfigurationIsVisible = 0;
			defaultConfigurationName = Release;
		};
		F8302B1F296F5EFB003EC291 /* Build configuration list for PBXNativeTarget "NRTestApp" */ = {
			isa = XCConfigurationList;
			buildConfigurations = (
				F8302B20296F5EFB003EC291 /* Debug */,
				F8302B21296F5EFB003EC291 /* Release */,
			);
			defaultConfigurationIsVisible = 0;
			defaultConfigurationName = Release;
		};
		F8302B22296F5EFB003EC291 /* Build configuration list for PBXNativeTarget "NRTestAppTests" */ = {
			isa = XCConfigurationList;
			buildConfigurations = (
				F8302B23296F5EFB003EC291 /* Debug */,
				F8302B24296F5EFB003EC291 /* Release */,
			);
			defaultConfigurationIsVisible = 0;
			defaultConfigurationName = Release;
		};
		F8302B25296F5EFB003EC291 /* Build configuration list for PBXNativeTarget "NRTestAppUITests" */ = {
			isa = XCConfigurationList;
			buildConfigurations = (
				F8302B26296F5EFB003EC291 /* Debug */,
				F8302B27296F5EFB003EC291 /* Release */,
			);
			defaultConfigurationIsVisible = 0;
			defaultConfigurationName = Release;
		};
/* End XCConfigurationList section */
	};
	rootObject = F8302AED296F5EFA003EC291 /* Project object */;
}
