{
  "pins" : [
    {
      "identity" : "newrelic-ios-agent-spm",
      "kind" : "remoteSourceControl",
      "location" : "https://github.com/newrelic/newrelic-ios-agent-spm.git",
      "state" : {
        "revision" : "58899678b7afb2f50c6f584344a622376b887c06",
        "version" : "7.4.8"
      }
    }
  ],
  "version" : 2
}
