{
  "pins" : [
    {
      "identity" : "newrelic-ios-agent-spm",
      "kind" : "remoteSourceControl",
      "location" : "https://github.com/newrelic/newrelic-ios-agent-spm.git",
      "state" : {
        "revision" : "d138dbaa610cb318a7143b32e066756331d168bf",
        "version" : "7.4.7"
      }
    }
  ],
  "version" : 2
}
